{"version":4,"terraform_version":"1.9.0","serial":10,"lineage":"6a5f4d14-b02b-d2e2-33fb-f30fbb36f728","outputs":{},"resources":[{"module":"module.virtual_machine","mode":"managed","type":"proxmox_vm_qemu","name":"vm1","provider":"module.virtual_machine.provider[\"registry.opentofu.org/telmate/proxmox\"]","instances":[{"schema_version":0,"attributes":{"additional_wait":5,"agent":1,"agent_timeout":null,"args":"","automatic_reboot":true,"balloon":512,"bios":"seabios","boot":"c","bootdisk":"scsi0","ci_wait":null,"cicustom":null,"cipassword":"123","ciupgrade":false,"ciuser":"notroot","clone":"Debian12CloudInitNFS","clone_wait":10,"cores":1,"cpu":"kvm64","default_ipv4_address":"192.168.3.100","default_ipv6_address":"","define_connection_info":true,"desc":"Máquina virtual - NFS.","disk":[{"asyncio":"","backup":false,"cache":"","discard":false,"disk_file":"","emulatessd":false,"format":"","id":0,"iops_r_burst":0,"iops_r_burst_length":0,"iops_r_concurrent":0,"iops_wr_burst":0,"iops_wr_burst_length":0,"iops_wr_concurrent":0,"iothread":false,"iso":"","linked_disk_id":0,"mbps_r_burst":0,"mbps_r_concurrent":0,"mbps_wr_burst":0,"mbps_wr_concurrent":0,"passthrough":false,"readonly":false,"replicate":false,"serial":"","size":"","slot":"ide2","storage":"local-lvm","type":"cloudinit","wwn":""},{"asyncio":"","backup":true,"cache":"","discard":false,"disk_file":"","emulatessd":false,"format":"raw","id":0,"iops_r_burst":0,"iops_r_burst_length":0,"iops_r_concurrent":0,"iops_wr_burst":0,"iops_wr_burst_length":0,"iops_wr_concurrent":0,"iothread":false,"iso":"","linked_disk_id":-1,"mbps_r_burst":0,"mbps_r_concurrent":0,"mbps_wr_burst":0,"mbps_wr_concurrent":0,"passthrough":false,"readonly":false,"replicate":false,"serial":"","size":"900G","slot":"scsi0","storage":"Stream","type":"disk","wwn":""}],"disks":[],"efidisk":[],"force_create":false,"force_recreate_on_change_of":null,"full_clone":true,"hagroup":"","hastate":"","hostpci":[],"hotplug":"network,disk,cpu,memory","id":"pve/qemu/100","ipconfig0":"ip=192.168.3.100/24,gw=192.168.3.1","ipconfig1":null,"ipconfig10":null,"ipconfig11":null,"ipconfig12":null,"ipconfig13":null,"ipconfig14":null,"ipconfig15":null,"ipconfig2":null,"ipconfig3":null,"ipconfig4":null,"ipconfig5":null,"ipconfig6":null,"ipconfig7":null,"ipconfig8":null,"ipconfig9":null,"kvm":true,"linked_vmid":0,"machine":"","memory":1024,"name":"nfs","nameserver":"192.168.3.200 192.168.3.201 192.168.3.1 8.8.8.8","network":[{"bridge":"vmbr0","firewall":false,"link_down":false,"macaddr":"52:54:00:85:F2:BA","model":"virtio","mtu":0,"queues":0,"rate":0,"tag":-1}],"numa":true,"onboot":true,"os_network_config":null,"os_type":"cloud-init","pool":"","protection":false,"pxe":null,"qemu_os":"l26","reboot_required":false,"scsihw":"virtio-scsi-single","searchdomain":"pve.datacenter.tsc","serial":[],"skip_ipv4":false,"skip_ipv6":false,"smbios":[{"family":"","manufacturer":"","product":"","serial":"","sku":"","uuid":"2033e0c9-9577-426a-9660-5b74b0bb617c","version":""}],"sockets":1,"ssh_forward_ip":null,"ssh_host":"192.168.3.100","ssh_port":"22","ssh_private_key":null,"ssh_user":"notroot","sshkeys":"ssh-rsa AAAAB3NzaC1yc2EAAAADAQABAAABgQC/6N0e302Bq6uiDbxptEBvVJxyStA+mzxojv7F1ucktx0Qi5jlvCFXkpAG3G/K5xorUpSMuS9yaA7HUwpwzzHM6TZx6QX9G/uYZam7XRNlZDVjqpfGL+n2jgvo8lTu21/mz9alHlulI3vTAFobRv65XfdqqiL9Tw67mwK3HzWI78bRUvUU1xUN/YvL14MrtinTkPtAfaNTHkzAgCa1LqOBzuRr+vrf6bfNk1+meaEHoWS/Q04iJG0rSDjMWhtQ2CogO0v3IgN9PCqmtTLzbQkiqSzfYb7urLVS0M3sMCTPdX3N3gEYC96rSqvJLMQb/kz+ZxxZmjTiXDyf8vIeYnWxS5/d2300Q1ayX4LPUfapH0r8cfokRVK1TVXiX5MKvNWMW0RiD4p5IfLBcFAgSGEHJmj2zzNbv96nsyzmpzETwIrSXbYTj5i5Xith6lofcC9HkaVABjri3KNQ8+m8BhxDqxFPmXlWtf96IAQONHitFTzUkhDl4VmGqy6su8cNC6k= root@dellg15\n","startup":"","tablet":true,"tags":"","target_node":"pve","target_nodes":null,"timeouts":null,"unused_disk":[],"usb":[],"vcpus":1,"vga":[],"vm_state":"running","vmid":100},"sensitive_attributes":[[{"type":"get_attr","value":"ssh_private_key"}],[{"type":"get_attr","value":"cipassword"}]],"private":"eyJlMmJmYjczMC1lY2FhLTExZTYtOGY4OC0zNDM2M2JjN2M0YzAiOnsiY3JlYXRlIjoxMjAwMDAwMDAwMDAwLCJkZWZhdWx0IjoxMjAwMDAwMDAwMDAwLCJkZWxldGUiOjEyMDAwMDAwMDAwMDAsInJlYWQiOjEyMDAwMDAwMDAwMDAsInVwZGF0ZSI6MTIwMDAwMDAwMDAwMH19"}]},{"module":"module.virtual_machine","mode":"managed","type":"proxmox_vm_qemu","name":"vm2","provider":"module.virtual_machine.provider[\"registry.opentofu.org/telmate/proxmox\"]","instances":[{"schema_version":0,"attributes":{"additional_wait":5,"agent":1,"agent_timeout":null,"args":"","automatic_reboot":true,"balloon":1024,"bios":"seabios","boot":"c","bootdisk":"scsi0","ci_wait":null,"cicustom":null,"cipassword":"123","ciupgrade":false,"ciuser":"notroot","clone":"Debian12CloudInitAgente","clone_wait":10,"cores":2,"cpu":"kvm64","default_ipv4_address":"192.168.3.11","default_ipv6_address":"","define_connection_info":true,"desc":"Máquina virtual - agente-vm1 - para Rancher.","disk":[{"asyncio":"","backup":false,"cache":"","discard":false,"disk_file":"","emulatessd":false,"format":"","id":0,"iops_r_burst":0,"iops_r_burst_length":0,"iops_r_concurrent":0,"iops_wr_burst":0,"iops_wr_burst_length":0,"iops_wr_concurrent":0,"iothread":false,"iso":"","linked_disk_id":0,"mbps_r_burst":0,"mbps_r_concurrent":0,"mbps_wr_burst":0,"mbps_wr_concurrent":0,"passthrough":false,"readonly":false,"replicate":false,"serial":"","size":"","slot":"ide2","storage":"local-lvm","type":"cloudinit","wwn":""},{"asyncio":"","backup":true,"cache":"","discard":false,"disk_file":"","emulatessd":false,"format":"raw","id":0,"iops_r_burst":0,"iops_r_burst_length":0,"iops_r_concurrent":0,"iops_wr_burst":0,"iops_wr_burst_length":0,"iops_wr_concurrent":0,"iothread":false,"iso":"","linked_disk_id":-1,"mbps_r_burst":0,"mbps_r_concurrent":0,"mbps_wr_burst":0,"mbps_wr_concurrent":0,"passthrough":false,"readonly":false,"replicate":false,"serial":"","size":"35G","slot":"scsi0","storage":"local-lvm","type":"disk","wwn":""}],"disks":[],"efidisk":[],"force_create":false,"force_recreate_on_change_of":null,"full_clone":true,"hagroup":"","hastate":"","hostpci":[],"hotplug":"network,disk,cpu,memory","id":"pve/qemu/101","ipconfig0":"ip=192.168.3.11/24,gw=192.168.3.1","ipconfig1":null,"ipconfig10":null,"ipconfig11":null,"ipconfig12":null,"ipconfig13":null,"ipconfig14":null,"ipconfig15":null,"ipconfig2":null,"ipconfig3":null,"ipconfig4":null,"ipconfig5":null,"ipconfig6":null,"ipconfig7":null,"ipconfig8":null,"ipconfig9":null,"kvm":true,"linked_vmid":0,"machine":"","memory":3072,"name":"agente-vm1","nameserver":"192.168.3.200 192.168.3.201 192.168.3.1 8.8.8.8","network":[{"bridge":"vmbr0","firewall":false,"link_down":false,"macaddr":"22:E2:A0:2F:92:53","model":"virtio","mtu":0,"queues":0,"rate":0,"tag":-1}],"numa":true,"onboot":true,"os_network_config":null,"os_type":"cloud-init","pool":"","protection":false,"pxe":null,"qemu_os":"l26","reboot_required":false,"scsihw":"virtio-scsi-single","searchdomain":"pve.datacenter.tsc","serial":[],"skip_ipv4":false,"skip_ipv6":false,"smbios":[{"family":"","manufacturer":"","product":"","serial":"","sku":"","uuid":"91b7e1a5-dc2c-4674-aef4-d0813a6193ed","version":""}],"sockets":1,"ssh_forward_ip":null,"ssh_host":"192.168.3.11","ssh_port":"22","ssh_private_key":null,"ssh_user":"notroot","sshkeys":"ssh-rsa AAAAB3NzaC1yc2EAAAADAQABAAABgQC/6N0e302Bq6uiDbxptEBvVJxyStA+mzxojv7F1ucktx0Qi5jlvCFXkpAG3G/K5xorUpSMuS9yaA7HUwpwzzHM6TZx6QX9G/uYZam7XRNlZDVjqpfGL+n2jgvo8lTu21/mz9alHlulI3vTAFobRv65XfdqqiL9Tw67mwK3HzWI78bRUvUU1xUN/YvL14MrtinTkPtAfaNTHkzAgCa1LqOBzuRr+vrf6bfNk1+meaEHoWS/Q04iJG0rSDjMWhtQ2CogO0v3IgN9PCqmtTLzbQkiqSzfYb7urLVS0M3sMCTPdX3N3gEYC96rSqvJLMQb/kz+ZxxZmjTiXDyf8vIeYnWxS5/d2300Q1ayX4LPUfapH0r8cfokRVK1TVXiX5MKvNWMW0RiD4p5IfLBcFAgSGEHJmj2zzNbv96nsyzmpzETwIrSXbYTj5i5Xith6lofcC9HkaVABjri3KNQ8+m8BhxDqxFPmXlWtf96IAQONHitFTzUkhDl4VmGqy6su8cNC6k= root@dellg15\n","startup":"","tablet":true,"tags":"","target_node":"pve","target_nodes":null,"timeouts":null,"unused_disk":[],"usb":[],"vcpus":2,"vga":[],"vm_state":"running","vmid":101},"sensitive_attributes":[[{"type":"get_attr","value":"cipassword"}],[{"type":"get_attr","value":"ssh_private_key"}]],"private":"eyJlMmJmYjczMC1lY2FhLTExZTYtOGY4OC0zNDM2M2JjN2M0YzAiOnsiY3JlYXRlIjoxMjAwMDAwMDAwMDAwLCJkZWZhdWx0IjoxMjAwMDAwMDAwMDAwLCJkZWxldGUiOjEyMDAwMDAwMDAwMDAsInJlYWQiOjEyMDAwMDAwMDAwMDAsInVwZGF0ZSI6MTIwMDAwMDAwMDAwMH19","dependencies":["module.virtual_machine.proxmox_vm_qemu.vm1"]}]},{"module":"module.virtual_machine","mode":"managed","type":"proxmox_vm_qemu","name":"vm3","provider":"module.virtual_machine.provider[\"registry.opentofu.org/telmate/proxmox\"]","instances":[{"schema_version":0,"attributes":{"additional_wait":5,"agent":1,"agent_timeout":null,"args":"","automatic_reboot":true,"balloon":1024,"bios":"seabios","boot":"c","bootdisk":"scsi0","ci_wait":null,"cicustom":null,"cipassword":"123","ciupgrade":false,"ciuser":"notroot","clone":"Debian12CloudInitAgente","clone_wait":10,"cores":2,"cpu":"kvm64","default_ipv4_address":"192.168.3.12","default_ipv6_address":"","define_connection_info":true,"desc":"Máquina virtual - agente-vm2 - para Rancher.","disk":[{"asyncio":"","backup":false,"cache":"","discard":false,"disk_file":"","emulatessd":false,"format":"","id":0,"iops_r_burst":0,"iops_r_burst_length":0,"iops_r_concurrent":0,"iops_wr_burst":0,"iops_wr_burst_length":0,"iops_wr_concurrent":0,"iothread":false,"iso":"","linked_disk_id":0,"mbps_r_burst":0,"mbps_r_concurrent":0,"mbps_wr_burst":0,"mbps_wr_concurrent":0,"passthrough":false,"readonly":false,"replicate":false,"serial":"","size":"","slot":"ide2","storage":"local-lvm","type":"cloudinit","wwn":""},{"asyncio":"","backup":true,"cache":"","discard":false,"disk_file":"","emulatessd":false,"format":"raw","id":0,"iops_r_burst":0,"iops_r_burst_length":0,"iops_r_concurrent":0,"iops_wr_burst":0,"iops_wr_burst_length":0,"iops_wr_concurrent":0,"iothread":false,"iso":"","linked_disk_id":-1,"mbps_r_burst":0,"mbps_r_concurrent":0,"mbps_wr_burst":0,"mbps_wr_concurrent":0,"passthrough":false,"readonly":false,"replicate":false,"serial":"","size":"35G","slot":"scsi0","storage":"local-lvm","type":"disk","wwn":""}],"disks":[],"efidisk":[],"force_create":false,"force_recreate_on_change_of":null,"full_clone":true,"hagroup":"","hastate":"","hostpci":[],"hotplug":"network,disk,cpu,memory","id":"pve/qemu/102","ipconfig0":"ip=192.168.3.12/24,gw=192.168.3.1","ipconfig1":null,"ipconfig10":null,"ipconfig11":null,"ipconfig12":null,"ipconfig13":null,"ipconfig14":null,"ipconfig15":null,"ipconfig2":null,"ipconfig3":null,"ipconfig4":null,"ipconfig5":null,"ipconfig6":null,"ipconfig7":null,"ipconfig8":null,"ipconfig9":null,"kvm":true,"linked_vmid":0,"machine":"","memory":3072,"name":"agente-vm2","nameserver":"192.168.3.200 192.168.3.201 192.168.3.1 8.8.8.8","network":[{"bridge":"vmbr0","firewall":false,"link_down":false,"macaddr":"82:57:68:61:12:DD","model":"virtio","mtu":0,"queues":0,"rate":0,"tag":-1}],"numa":true,"onboot":true,"os_network_config":null,"os_type":"cloud-init","pool":"","protection":false,"pxe":null,"qemu_os":"l26","reboot_required":false,"scsihw":"virtio-scsi-single","searchdomain":"pve.datacenter.tsc","serial":[],"skip_ipv4":false,"skip_ipv6":false,"smbios":[{"family":"","manufacturer":"","product":"","serial":"","sku":"","uuid":"758ae2e0-caa8-40f1-b622-99137a368341","version":""}],"sockets":1,"ssh_forward_ip":null,"ssh_host":"192.168.3.12","ssh_port":"22","ssh_private_key":null,"ssh_user":"notroot","sshkeys":"ssh-rsa AAAAB3NzaC1yc2EAAAADAQABAAABgQC/6N0e302Bq6uiDbxptEBvVJxyStA+mzxojv7F1ucktx0Qi5jlvCFXkpAG3G/K5xorUpSMuS9yaA7HUwpwzzHM6TZx6QX9G/uYZam7XRNlZDVjqpfGL+n2jgvo8lTu21/mz9alHlulI3vTAFobRv65XfdqqiL9Tw67mwK3HzWI78bRUvUU1xUN/YvL14MrtinTkPtAfaNTHkzAgCa1LqOBzuRr+vrf6bfNk1+meaEHoWS/Q04iJG0rSDjMWhtQ2CogO0v3IgN9PCqmtTLzbQkiqSzfYb7urLVS0M3sMCTPdX3N3gEYC96rSqvJLMQb/kz+ZxxZmjTiXDyf8vIeYnWxS5/d2300Q1ayX4LPUfapH0r8cfokRVK1TVXiX5MKvNWMW0RiD4p5IfLBcFAgSGEHJmj2zzNbv96nsyzmpzETwIrSXbYTj5i5Xith6lofcC9HkaVABjri3KNQ8+m8BhxDqxFPmXlWtf96IAQONHitFTzUkhDl4VmGqy6su8cNC6k= root@dellg15\n","startup":"","tablet":true,"tags":"","target_node":"pve","target_nodes":null,"timeouts":null,"unused_disk":[],"usb":[],"vcpus":2,"vga":[],"vm_state":"running","vmid":102},"sensitive_attributes":[[{"type":"get_attr","value":"cipassword"}],[{"type":"get_attr","value":"ssh_private_key"}]],"private":"eyJlMmJmYjczMC1lY2FhLTExZTYtOGY4OC0zNDM2M2JjN2M0YzAiOnsiY3JlYXRlIjoxMjAwMDAwMDAwMDAwLCJkZWZhdWx0IjoxMjAwMDAwMDAwMDAwLCJkZWxldGUiOjEyMDAwMDAwMDAwMDAsInJlYWQiOjEyMDAwMDAwMDAwMDAsInVwZGF0ZSI6MTIwMDAwMDAwMDAwMH19","dependencies":["module.virtual_machine.proxmox_vm_qemu.vm1","module.virtual_machine.proxmox_vm_qemu.vm2"]}]}],"check_results":null}
