{"version":4,"terraform_version":"1.9.0","serial":2,"lineage":"7bdcb2a5-2382-fe89-ecf9-ff4f1ab7c6c3","outputs":{},"resources":[{"module":"module.virtual_machine","mode":"managed","type":"proxmox_vm_qemu","name":"virtual_machine","provider":"module.virtual_machine.provider[\"registry.opentofu.org/telmate/proxmox\"]","instances":[{"index_key":"m2","status":"tainted","schema_version":0,"attributes":{"additional_wait":5,"agent":1,"agent_timeout":null,"args":null,"automatic_reboot":true,"balloon":3072,"bios":"seabios","boot":null,"bootdisk":null,"ci_wait":null,"cicustom":null,"cipassword":"123","ciupgrade":false,"ciuser":"notroot","clone":"Debian12CloudInitAgente","clone_wait":10,"cores":2,"cpu":"kvm64","default_ipv4_address":null,"default_ipv6_address":null,"define_connection_info":true,"desc":"Máquina virtual - agente-vm2 - para Rancher.","disk":[{"asyncio":"","backup":true,"cache":"","discard":false,"disk_file":"","emulatessd":false,"format":"raw","id":0,"iops_r_burst":0,"iops_r_burst_length":0,"iops_r_concurrent":0,"iops_wr_burst":0,"iops_wr_burst_length":0,"iops_wr_concurrent":0,"iothread":false,"iso":"","linked_disk_id":0,"mbps_r_burst":0,"mbps_r_concurrent":0,"mbps_wr_burst":0,"mbps_wr_concurrent":0,"passthrough":false,"readonly":false,"replicate":false,"serial":"","size":"","slot":"ide2","storage":"local-lvm","type":"cloudinit","wwn":""},{"asyncio":"","backup":true,"cache":"","discard":false,"disk_file":"","emulatessd":false,"format":"raw","id":0,"iops_r_burst":0,"iops_r_burst_length":0,"iops_r_concurrent":0,"iops_wr_burst":0,"iops_wr_burst_length":0,"iops_wr_concurrent":0,"iothread":false,"iso":"","linked_disk_id":0,"mbps_r_burst":0,"mbps_r_concurrent":0,"mbps_wr_burst":0,"mbps_wr_concurrent":0,"passthrough":false,"readonly":false,"replicate":false,"serial":"","size":"35G","slot":"scsi0","storage":"local-lvm","type":"disk","wwn":""}],"disks":[],"efidisk":[],"force_create":false,"force_recreate_on_change_of":null,"full_clone":true,"hagroup":null,"hastate":null,"hostpci":[],"hotplug":"network,disk,cpu,memory","id":"pve/qemu/102","ipconfig0":"ip=192.168.3.12/24,gw=192.168.3.1","ipconfig1":null,"ipconfig10":null,"ipconfig11":null,"ipconfig12":null,"ipconfig13":null,"ipconfig14":null,"ipconfig15":null,"ipconfig2":null,"ipconfig3":null,"ipconfig4":null,"ipconfig5":null,"ipconfig6":null,"ipconfig7":null,"ipconfig8":null,"ipconfig9":null,"kvm":true,"linked_vmid":null,"machine":null,"memory":3072,"name":"agente-vm2","nameserver":"192.168.3.200 192.168.3.201 192.168.3.1 8.8.8.8","network":[{"bridge":"vmbr0","firewall":false,"link_down":false,"macaddr":"82:57:68:61:12:DD","model":"virtio","mtu":0,"queues":0,"rate":0,"tag":-1}],"numa":true,"onboot":true,"os_network_config":null,"os_type":"cloud-init","pool":null,"protection":false,"pxe":null,"qemu_os":"l26","reboot_required":null,"scsihw":"virtio-scsi-single","searchdomain":"pve.datacenter.tsc","serial":[],"skip_ipv4":false,"skip_ipv6":false,"smbios":null,"sockets":1,"ssh_forward_ip":null,"ssh_host":null,"ssh_port":null,"ssh_private_key":null,"ssh_user":"notroot","sshkeys":"ssh-rsa AAAAB3NzaC1yc2EAAAADAQABAAABgQC/6N0e302Bq6uiDbxptEBvVJxyStA+mzxojv7F1ucktx0Qi5jlvCFXkpAG3G/K5xorUpSMuS9yaA7HUwpwzzHM6TZx6QX9G/uYZam7XRNlZDVjqpfGL+n2jgvo8lTu21/mz9alHlulI3vTAFobRv65XfdqqiL9Tw67mwK3HzWI78bRUvUU1xUN/YvL14MrtinTkPtAfaNTHkzAgCa1LqOBzuRr+vrf6bfNk1+meaEHoWS/Q04iJG0rSDjMWhtQ2CogO0v3IgN9PCqmtTLzbQkiqSzfYb7urLVS0M3sMCTPdX3N3gEYC96rSqvJLMQb/kz+ZxxZmjTiXDyf8vIeYnWxS5/d2300Q1ayX4LPUfapH0r8cfokRVK1TVXiX5MKvNWMW0RiD4p5IfLBcFAgSGEHJmj2zzNbv96nsyzmpzETwIrSXbYTj5i5Xith6lofcC9HkaVABjri3KNQ8+m8BhxDqxFPmXlWtf96IAQONHitFTzUkhDl4VmGqy6su8cNC6k= root@dellg15\n","startup":null,"tablet":true,"tags":null,"target_node":"pve","target_nodes":null,"timeouts":null,"unused_disk":null,"usb":[],"vcpus":2,"vga":[],"vm_state":"running","vmid":102},"sensitive_attributes":[[{"type":"get_attr","value":"ssh_private_key"}],[{"type":"get_attr","value":"cipassword"}]],"private":"eyJlMmJmYjczMC1lY2FhLTExZTYtOGY4OC0zNDM2M2JjN2M0YzAiOnsiY3JlYXRlIjoxMjAwMDAwMDAwMDAwLCJkZWZhdWx0IjoxMjAwMDAwMDAwMDAwLCJkZWxldGUiOjEyMDAwMDAwMDAwMDAsInJlYWQiOjEyMDAwMDAwMDAwMDAsInVwZGF0ZSI6MTIwMDAwMDAwMDAwMH19"},{"index_key":"m3","status":"tainted","schema_version":0,"attributes":{"additional_wait":5,"agent":1,"agent_timeout":null,"args":null,"automatic_reboot":true,"balloon":512,"bios":"seabios","boot":null,"bootdisk":null,"ci_wait":null,"cicustom":null,"cipassword":"123","ciupgrade":false,"ciuser":"notroot","clone":"Debian12CloudInitDNS1","clone_wait":10,"cores":1,"cpu":"kvm64","default_ipv4_address":null,"default_ipv6_address":null,"define_connection_info":true,"desc":"Máquina virtual - DNS Master.","disk":[{"asyncio":"","backup":true,"cache":"","discard":false,"disk_file":"","emulatessd":false,"format":"raw","id":0,"iops_r_burst":0,"iops_r_burst_length":0,"iops_r_concurrent":0,"iops_wr_burst":0,"iops_wr_burst_length":0,"iops_wr_concurrent":0,"iothread":false,"iso":"","linked_disk_id":0,"mbps_r_burst":0,"mbps_r_concurrent":0,"mbps_wr_burst":0,"mbps_wr_concurrent":0,"passthrough":false,"readonly":false,"replicate":false,"serial":"","size":"","slot":"ide2","storage":"local-lvm","type":"cloudinit","wwn":""},{"asyncio":"","backup":true,"cache":"","discard":false,"disk_file":"","emulatessd":false,"format":"raw","id":0,"iops_r_burst":0,"iops_r_burst_length":0,"iops_r_concurrent":0,"iops_wr_burst":0,"iops_wr_burst_length":0,"iops_wr_concurrent":0,"iothread":false,"iso":"","linked_disk_id":0,"mbps_r_burst":0,"mbps_r_concurrent":0,"mbps_wr_burst":0,"mbps_wr_concurrent":0,"passthrough":false,"readonly":false,"replicate":false,"serial":"","size":"10G","slot":"scsi0","storage":"DadosExtra","type":"disk","wwn":""}],"disks":[],"efidisk":[],"force_create":false,"force_recreate_on_change_of":null,"full_clone":true,"hagroup":null,"hastate":null,"hostpci":[],"hotplug":"network,disk,cpu,memory","id":"pve/qemu/200","ipconfig0":"ip=192.168.3.200/24,gw=192.168.3.1","ipconfig1":null,"ipconfig10":null,"ipconfig11":null,"ipconfig12":null,"ipconfig13":null,"ipconfig14":null,"ipconfig15":null,"ipconfig2":null,"ipconfig3":null,"ipconfig4":null,"ipconfig5":null,"ipconfig6":null,"ipconfig7":null,"ipconfig8":null,"ipconfig9":null,"kvm":true,"linked_vmid":null,"machine":null,"memory":1024,"name":"ns1","nameserver":"192.168.3.200 192.168.3.201 192.168.3.1 8.8.8.8","network":[{"bridge":"vmbr0","firewall":false,"link_down":false,"macaddr":"6E:60:3D:9C:6E:60","model":"virtio","mtu":0,"queues":0,"rate":0,"tag":-1}],"numa":true,"onboot":true,"os_network_config":null,"os_type":"cloud-init","pool":null,"protection":false,"pxe":null,"qemu_os":"l26","reboot_required":null,"scsihw":"virtio-scsi-single","searchdomain":"pve.datacenter.tsc","serial":[],"skip_ipv4":false,"skip_ipv6":false,"smbios":null,"sockets":1,"ssh_forward_ip":null,"ssh_host":null,"ssh_port":null,"ssh_private_key":null,"ssh_user":"notroot","sshkeys":"ssh-rsa AAAAB3NzaC1yc2EAAAADAQABAAABgQC/6N0e302Bq6uiDbxptEBvVJxyStA+mzxojv7F1ucktx0Qi5jlvCFXkpAG3G/K5xorUpSMuS9yaA7HUwpwzzHM6TZx6QX9G/uYZam7XRNlZDVjqpfGL+n2jgvo8lTu21/mz9alHlulI3vTAFobRv65XfdqqiL9Tw67mwK3HzWI78bRUvUU1xUN/YvL14MrtinTkPtAfaNTHkzAgCa1LqOBzuRr+vrf6bfNk1+meaEHoWS/Q04iJG0rSDjMWhtQ2CogO0v3IgN9PCqmtTLzbQkiqSzfYb7urLVS0M3sMCTPdX3N3gEYC96rSqvJLMQb/kz+ZxxZmjTiXDyf8vIeYnWxS5/d2300Q1ayX4LPUfapH0r8cfokRVK1TVXiX5MKvNWMW0RiD4p5IfLBcFAgSGEHJmj2zzNbv96nsyzmpzETwIrSXbYTj5i5Xith6lofcC9HkaVABjri3KNQ8+m8BhxDqxFPmXlWtf96IAQONHitFTzUkhDl4VmGqy6su8cNC6k= root@dellg15\n","startup":null,"tablet":true,"tags":null,"target_node":"pve","target_nodes":null,"timeouts":null,"unused_disk":null,"usb":[],"vcpus":1,"vga":[],"vm_state":"running","vmid":200},"sensitive_attributes":[[{"type":"get_attr","value":"cipassword"}],[{"type":"get_attr","value":"ssh_private_key"}]],"private":"eyJlMmJmYjczMC1lY2FhLTExZTYtOGY4OC0zNDM2M2JjN2M0YzAiOnsiY3JlYXRlIjoxMjAwMDAwMDAwMDAwLCJkZWZhdWx0IjoxMjAwMDAwMDAwMDAwLCJkZWxldGUiOjEyMDAwMDAwMDAwMDAsInJlYWQiOjEyMDAwMDAwMDAwMDAsInVwZGF0ZSI6MTIwMDAwMDAwMDAwMH19"},{"index_key":"m4","status":"tainted","schema_version":0,"attributes":{"additional_wait":5,"agent":1,"agent_timeout":null,"args":null,"automatic_reboot":true,"balloon":512,"bios":"seabios","boot":null,"bootdisk":null,"ci_wait":null,"cicustom":null,"cipassword":"123","ciupgrade":false,"ciuser":"notroot","clone":"Debian12CloudInitDNS2","clone_wait":10,"cores":1,"cpu":"kvm64","default_ipv4_address":null,"default_ipv6_address":null,"define_connection_info":true,"desc":"Máquina virtual - DNS Slave.","disk":[{"asyncio":"","backup":true,"cache":"","discard":false,"disk_file":"","emulatessd":false,"format":"raw","id":0,"iops_r_burst":0,"iops_r_burst_length":0,"iops_r_concurrent":0,"iops_wr_burst":0,"iops_wr_burst_length":0,"iops_wr_concurrent":0,"iothread":false,"iso":"","linked_disk_id":0,"mbps_r_burst":0,"mbps_r_concurrent":0,"mbps_wr_burst":0,"mbps_wr_concurrent":0,"passthrough":false,"readonly":false,"replicate":false,"serial":"","size":"","slot":"ide2","storage":"local-lvm","type":"cloudinit","wwn":""},{"asyncio":"","backup":true,"cache":"","discard":false,"disk_file":"","emulatessd":false,"format":"raw","id":0,"iops_r_burst":0,"iops_r_burst_length":0,"iops_r_concurrent":0,"iops_wr_burst":0,"iops_wr_burst_length":0,"iops_wr_concurrent":0,"iothread":false,"iso":"","linked_disk_id":0,"mbps_r_burst":0,"mbps_r_concurrent":0,"mbps_wr_burst":0,"mbps_wr_concurrent":0,"passthrough":false,"readonly":false,"replicate":false,"serial":"","size":"10G","slot":"scsi0","storage":"DadosExtra","type":"disk","wwn":""}],"disks":[],"efidisk":[],"force_create":false,"force_recreate_on_change_of":null,"full_clone":true,"hagroup":null,"hastate":null,"hostpci":[],"hotplug":"network,disk,cpu,memory","id":"pve/qemu/201","ipconfig0":"ip=192.168.3.201/24,gw=192.168.3.1","ipconfig1":null,"ipconfig10":null,"ipconfig11":null,"ipconfig12":null,"ipconfig13":null,"ipconfig14":null,"ipconfig15":null,"ipconfig2":null,"ipconfig3":null,"ipconfig4":null,"ipconfig5":null,"ipconfig6":null,"ipconfig7":null,"ipconfig8":null,"ipconfig9":null,"kvm":true,"linked_vmid":null,"machine":null,"memory":1024,"name":"ns2","nameserver":"192.168.3.200 192.168.3.201 192.168.3.1 8.8.8.8","network":[{"bridge":"vmbr0","firewall":false,"link_down":false,"macaddr":"02:C0:10:09:A7:D0","model":"virtio","mtu":0,"queues":0,"rate":0,"tag":-1}],"numa":true,"onboot":true,"os_network_config":null,"os_type":"cloud-init","pool":null,"protection":false,"pxe":null,"qemu_os":"l26","reboot_required":null,"scsihw":"virtio-scsi-single","searchdomain":"pve.datacenter.tsc","serial":[],"skip_ipv4":false,"skip_ipv6":false,"smbios":null,"sockets":1,"ssh_forward_ip":null,"ssh_host":null,"ssh_port":null,"ssh_private_key":null,"ssh_user":"notroot","sshkeys":"ssh-rsa AAAAB3NzaC1yc2EAAAADAQABAAABgQC/6N0e302Bq6uiDbxptEBvVJxyStA+mzxojv7F1ucktx0Qi5jlvCFXkpAG3G/K5xorUpSMuS9yaA7HUwpwzzHM6TZx6QX9G/uYZam7XRNlZDVjqpfGL+n2jgvo8lTu21/mz9alHlulI3vTAFobRv65XfdqqiL9Tw67mwK3HzWI78bRUvUU1xUN/YvL14MrtinTkPtAfaNTHkzAgCa1LqOBzuRr+vrf6bfNk1+meaEHoWS/Q04iJG0rSDjMWhtQ2CogO0v3IgN9PCqmtTLzbQkiqSzfYb7urLVS0M3sMCTPdX3N3gEYC96rSqvJLMQb/kz+ZxxZmjTiXDyf8vIeYnWxS5/d2300Q1ayX4LPUfapH0r8cfokRVK1TVXiX5MKvNWMW0RiD4p5IfLBcFAgSGEHJmj2zzNbv96nsyzmpzETwIrSXbYTj5i5Xith6lofcC9HkaVABjri3KNQ8+m8BhxDqxFPmXlWtf96IAQONHitFTzUkhDl4VmGqy6su8cNC6k= root@dellg15\n","startup":null,"tablet":true,"tags":null,"target_node":"pve","target_nodes":null,"timeouts":null,"unused_disk":null,"usb":[],"vcpus":1,"vga":[],"vm_state":"running","vmid":201},"sensitive_attributes":[[{"type":"get_attr","value":"cipassword"}],[{"type":"get_attr","value":"ssh_private_key"}]],"private":"eyJlMmJmYjczMC1lY2FhLTExZTYtOGY4OC0zNDM2M2JjN2M0YzAiOnsiY3JlYXRlIjoxMjAwMDAwMDAwMDAwLCJkZWZhdWx0IjoxMjAwMDAwMDAwMDAwLCJkZWxldGUiOjEyMDAwMDAwMDAwMDAsInJlYWQiOjEyMDAwMDAwMDAwMDAsInVwZGF0ZSI6MTIwMDAwMDAwMDAwMH19"},{"index_key":"m5","status":"tainted","schema_version":0,"attributes":{"additional_wait":5,"agent":1,"agent_timeout":null,"args":null,"automatic_reboot":true,"balloon":512,"bios":"seabios","boot":null,"bootdisk":null,"ci_wait":null,"cicustom":null,"cipassword":"123","ciupgrade":false,"ciuser":"notroot","clone":"Debian12CloudInitNFS","clone_wait":10,"cores":1,"cpu":"kvm64","default_ipv4_address":null,"default_ipv6_address":null,"define_connection_info":true,"desc":"Máquina virtual - NFS.","disk":[{"asyncio":"","backup":true,"cache":"","discard":false,"disk_file":"","emulatessd":false,"format":"raw","id":0,"iops_r_burst":0,"iops_r_burst_length":0,"iops_r_concurrent":0,"iops_wr_burst":0,"iops_wr_burst_length":0,"iops_wr_concurrent":0,"iothread":false,"iso":"","linked_disk_id":0,"mbps_r_burst":0,"mbps_r_concurrent":0,"mbps_wr_burst":0,"mbps_wr_concurrent":0,"passthrough":false,"readonly":false,"replicate":false,"serial":"","size":"","slot":"ide2","storage":"local-lvm","type":"cloudinit","wwn":""},{"asyncio":"","backup":true,"cache":"","discard":false,"disk_file":"","emulatessd":false,"format":"raw","id":0,"iops_r_burst":0,"iops_r_burst_length":0,"iops_r_concurrent":0,"iops_wr_burst":0,"iops_wr_burst_length":0,"iops_wr_concurrent":0,"iothread":false,"iso":"","linked_disk_id":0,"mbps_r_burst":0,"mbps_r_concurrent":0,"mbps_wr_burst":0,"mbps_wr_concurrent":0,"passthrough":false,"readonly":false,"replicate":false,"serial":"","size":"900G","slot":"scsi0","storage":"Stream","type":"disk","wwn":""}],"disks":[],"efidisk":[],"force_create":false,"force_recreate_on_change_of":null,"full_clone":true,"hagroup":null,"hastate":null,"hostpci":[],"hotplug":"network,disk,cpu,memory","id":"pve/qemu/100","ipconfig0":"ip=192.168.3.100/24,gw=192.168.3.1","ipconfig1":null,"ipconfig10":null,"ipconfig11":null,"ipconfig12":null,"ipconfig13":null,"ipconfig14":null,"ipconfig15":null,"ipconfig2":null,"ipconfig3":null,"ipconfig4":null,"ipconfig5":null,"ipconfig6":null,"ipconfig7":null,"ipconfig8":null,"ipconfig9":null,"kvm":true,"linked_vmid":null,"machine":null,"memory":1024,"name":"nfs","nameserver":"192.168.3.200 192.168.3.201 192.168.3.1 8.8.8.8","network":[{"bridge":"vmbr0","firewall":false,"link_down":false,"macaddr":"52:54:00:85:F2:BA","model":"virtio","mtu":0,"queues":0,"rate":0,"tag":-1}],"numa":true,"onboot":true,"os_network_config":null,"os_type":"cloud-init","pool":null,"protection":false,"pxe":null,"qemu_os":"l26","reboot_required":null,"scsihw":"virtio-scsi-single","searchdomain":"pve.datacenter.tsc","serial":[],"skip_ipv4":false,"skip_ipv6":false,"smbios":null,"sockets":1,"ssh_forward_ip":null,"ssh_host":null,"ssh_port":null,"ssh_private_key":null,"ssh_user":"notroot","sshkeys":"ssh-rsa AAAAB3NzaC1yc2EAAAADAQABAAABgQC/6N0e302Bq6uiDbxptEBvVJxyStA+mzxojv7F1ucktx0Qi5jlvCFXkpAG3G/K5xorUpSMuS9yaA7HUwpwzzHM6TZx6QX9G/uYZam7XRNlZDVjqpfGL+n2jgvo8lTu21/mz9alHlulI3vTAFobRv65XfdqqiL9Tw67mwK3HzWI78bRUvUU1xUN/YvL14MrtinTkPtAfaNTHkzAgCa1LqOBzuRr+vrf6bfNk1+meaEHoWS/Q04iJG0rSDjMWhtQ2CogO0v3IgN9PCqmtTLzbQkiqSzfYb7urLVS0M3sMCTPdX3N3gEYC96rSqvJLMQb/kz+ZxxZmjTiXDyf8vIeYnWxS5/d2300Q1ayX4LPUfapH0r8cfokRVK1TVXiX5MKvNWMW0RiD4p5IfLBcFAgSGEHJmj2zzNbv96nsyzmpzETwIrSXbYTj5i5Xith6lofcC9HkaVABjri3KNQ8+m8BhxDqxFPmXlWtf96IAQONHitFTzUkhDl4VmGqy6su8cNC6k= root@dellg15\n","startup":null,"tablet":true,"tags":null,"target_node":"pve","target_nodes":null,"timeouts":null,"unused_disk":null,"usb":[],"vcpus":1,"vga":[],"vm_state":"running","vmid":100},"sensitive_attributes":[[{"type":"get_attr","value":"ssh_private_key"}],[{"type":"get_attr","value":"cipassword"}]],"private":"eyJlMmJmYjczMC1lY2FhLTExZTYtOGY4OC0zNDM2M2JjN2M0YzAiOnsiY3JlYXRlIjoxMjAwMDAwMDAwMDAwLCJkZWZhdWx0IjoxMjAwMDAwMDAwMDAwLCJkZWxldGUiOjEyMDAwMDAwMDAwMDAsInJlYWQiOjEyMDAwMDAwMDAwMDAsInVwZGF0ZSI6MTIwMDAwMDAwMDAwMH19"}]}],"check_results":null}
