{
  "version": 4,
  "terraform_version": "1.4.4",
  "serial": 9,
  "lineage": "e08fa893-824f-dc30-21c4-71fe7de823da",
  "outputs": {
    "virtual_machine_private_key": {
      "value": "-----BEGIN RSA PRIVATE KEY-----\nMIIJKAIBAAKCAgEAtdJ9yzxtPjkWomhO/98Sl+N3fPT0Gi3q3po3sc5R6eAUJnFK\nCFQUJdnTdjQ4CxZtOKfFDdB330+SrE2EzAs9y+0cqwgWtwYsG4AUXygUAZI7T5lW\nYBNDen/8MkPYgtJZ88gsCf717uGvviurcUSLmBjsxEOtEJBmq+0DhLkkwLfZB8UN\nzZP8IVdvRzxhsckqq4ykhHxaTI23pQvQcXkxL+rP9eLMBwRoLSajARW/3vFeA7/k\nNvxSddJwQHxphPZhOMark3LezMP9lXeP+vkYZ0zsEyYl9X4LfT3fOiNyJSlAvHEU\nbeXCRZc6pelOCR8h7hE1MqxFGdRL9O7Awess8NshbQFMBSdviySFx5EBcG6wzPko\npK4znyePKP76EnQWI1Hpec/T5ame+J9Xd+gxCXASQ61FpdQO/dGOqyGDA7BxuIuE\nXm3reB8dXuMFMfLXZiqwS8pRgqSOvfZ/l4XvGBkhjmfe+tS5MQHGhkBVdfuM9Leq\nJpBKGnLADB/LuBt6KPtfUjMx4SAQUG7Zww827EYJUBcERyjavOHrHwAZOxST0mNS\nzAr14eTNICDTqisRnlK+riOSVX24kYrYCuR7m6XHWMlRC1e+0APSQMzbbH0UlryH\nUv+zszDo7yNluDGxBrfPxjhIOe57exApTYnGkXv6PVIHaTc06FrKig1ERqkCAwEA\nAQKCAgEAtEkF0HqXO6ZxqhHRm2a+UfsLJMziKf8zrwutg9G3aTZ15HRa2w07eRiW\n09MNavkOzamU+5Ck+7k0D0NCFOxklwsCbRg1Jb+qBo6mJIBh7fjodJHvko4nT5UO\nJW0ehwE6jj4CZNr5UqdXkjJM6Z/05ph4VFdiiFUWaQ03euf16F2jhk++0wQUcZ73\nyOO3XwjAFZ/8FR4Uj2nKGY4wXgO0YPXsxLvgYGjfPz3bTR0axl4AQamJCXiB7y/9\nfAOgwWVnm1trD2ZMQy9nB0ipbEqIBw2/23DtHJGhpMqvyD8TVIOmG/PoNNwoGMbO\nMWq3pNXI1/0aCafFUMovkqsWWHHveSuEE2aJtJcQV7O6odCYhLAgBVsHQyXI8LAb\noviZ7u22anDSi4UDkHZbuwLjQDisD3rUbbvvOwobXejjujb7kkwci1l43ptlwcU7\n9pKT/Xcy28q2sQM1HMJi23f65dhfH3NPBmtAHfgjOMdrNkJ3l+BHwMJjgTyMsctQ\nVxQ4FO1nvCPfZAt9haBDQdZgQd2RA4SorTdHNDZJr4Fy/bJzwSmeg3IeauUlh1Zn\niP2Sl7sMbnn8ho8b8yvV3MsXOaMl64Bh4FUhY7VkpN875xx3DgWPVI70iGy4P+wF\n0NMbyMRyHNQ0vZk4cDCy6QKiaKUSUZP+ROAhPRSrReU+Zo3FF50CggEBANiP3A/A\nqKKCw2KszWCXO204Nc2xoh/485QhjOYpHRU/P9C4S7K0b3AJAPdpqWc3Ic/HwcQl\nAikeEiIj3lKGHGE34A6Ze5T5SoAy2gCwJ1xNvfrNrW6EVozcBV1IXtDqE9RW6Qi2\nh4/jtdnS6YohTmbwD4MYUPjPqN7ZEbBrKkz42OtuxUtcvqTylIR4vvCj6NhhgWoz\nXje0Bb1MrR4cwVaQllirBbTQeuCJMWMZTNEvs624VIm1/taCO3NRNWlUco5fr5WJ\nVLtI+A1ZhA2Wvvu8QoMcInuTQItd7SzTnvqVcQWmmvarf+X0q8gc4hZ25m2GjkRU\nNsf7a4EHQoGX0OMCggEBANbvD/5g+tcnechWqiZKACanM1/XiONceyPACxZVsZG7\neyWGLWD587jBe0iluK3or0atBCQVBptTyTu9R+AfIPYUbzZ9iIye8KU1YMjPWL4s\n9PMh5lRe/yESWlK6l6ne90A9VmVIJIJyYixYHB/BTyc4902FeEHOcrJPh+RjJ0aI\n7vqd9ZQPm60h5M0QmSm1LyhyG814BnJlAObQcLwQGob1opmQnk0Zb68N/dM0LCwB\np63zoZ7MfybpJrtEhYIGcsdHMlwN/ZT8WD2x0LMAAq+8L9B7azGgj8AjuQELHL+C\nWmrKbcxkeh1QnYD5+VNNj9tihh3fA+C/XHlOn8EMHAMCggEACAvYTlGHMnqPTeRD\nwTn9QEKdZSYbcvqp+jAA7zBJ31c5RMUEMwCXP19mRMsNO0OGIxU18ta5LNPsMo6I\nnSJUfZw42/IB8HgOt5KsHOhunfRZga8QqZGLMbKfFGcy9qor0HDmOaemg8cfI5e9\ni59PLW3v9Zv6rjPw/06rZJWmvbNlQ+IavIEWqERHFmDyHzjH1vpQd6Su9Hzg1ba6\nm+rPmCrJG0RHcv9oAV23kwoGm6MdFvBJW9CCRnASS2eSB3bWxslxWan/lvHQHZbc\n3DBkqi/FfN+XvGWtOUBlJow6VO8mguI80btvhhjAJTBFijYiu6ELOiiy3F1QEjw1\n0WDVpwKCAQAz5xMDqMOqRTwhZtw71s7mhqXfVRsXXHPYFD4ZLKRuvslkLFy0+Gck\njISK7IoGZRQ+ivVfCTzJMZh8tp6uvpWlFxYsIHBjFNaj7pnqpDeX5R9Zvyvx3+bY\nQ6hQJgMN4GvwtV8xohQ+9ARFFRnliTbmD9mYfMynh4UnDhGQ02jenZ6oIpD1Kje7\nvV2VL5bs/XXf3H5eRce4xC9NjbRLlc/yG0sirkur7qKLsWNEJ2srTVMCrLywrk1e\nRhs2Sbu7xHbfLJA6rp435iAg9dmiADSl31nkjIk8OLu9+GJqoBZXINFYzH1rSDA8\n+ASw6qyMs0Q0BDzC5eH32f4oxRXK9nOlAoIBACE9pjcgS8n1br4RjAx5KtyORe+U\nrVpQA+TpcEwq4xo7RRA/wU7W8neNQOymeVF3xTbTxTBm3vZpmj0d4uXrjma04SnQ\n35XVlnu2f47y7RvdZdT/G/efhZWXhjGKY4lrY37Tch1V98s7TpskNrfIJlcpR6YD\nETTixeFbMXv8Hg63CZA95CcYw0P6e2yQ1Km+VV53m8WZgHff1cCLwHmc3td72HGJ\nFX/7wRE+22ZN1r51N/JDKBBFlzRYo5P9OKRcjMTz8B8LEfqQ2J2oNOyMQbI9oDmV\nEFqJlx2zKQk5UuoLREHAlsvbOwbi87Z7SbeTPOByGBtk4qxTR3q26dcbnLg=\n-----END RSA PRIVATE KEY-----\n",
      "type": "string",
      "sensitive": true
    }
  },
  "resources": [
    {
      "module": "module.virtual_machine",
      "mode": "managed",
      "type": "proxmox_vm_qemu",
      "name": "virtual_machines",
      "provider": "module.virtual_machine.provider[\"registry.terraform.io/telmate/proxmox\"]",
      "instances": [
        {
          "index_key": "m1",
          "schema_version": 0,
          "attributes": {
            "additional_wait": 0,
            "agent": 0,
            "args": "",
            "automatic_reboot": true,
            "balloon": 0,
            "bios": "seabios",
            "boot": "c",
            "bootdisk": "scsi0",
            "bridge": "",
            "ci_wait": null,
            "cicustom": "",
            "cipassword": "ks8vm1",
            "ciuser": "ks8vm1",
            "clone": "Debian11CloudInit",
            "clone_wait": 0,
            "cloudinit_cdrom_storage": null,
            "cores": 2,
            "cpu": "host",
            "default_ipv4_address": null,
            "define_connection_info": true,
            "desc": "Máquina virtual - ks8-vm1 - para Rancher.",
            "disk": [
              {
                "aio": "",
                "backup": 0,
                "cache": "none",
                "discard": "",
                "file": "vm-104-disk-0",
                "format": "raw",
                "iops": 0,
                "iops_max": 0,
                "iops_max_length": 0,
                "iops_rd": 0,
                "iops_rd_max": 0,
                "iops_rd_max_length": 0,
                "iops_wr": 0,
                "iops_wr_max": 0,
                "iops_wr_max_length": 0,
                "iothread": 0,
                "mbps": 0,
                "mbps_rd": 0,
                "mbps_rd_max": 0,
                "mbps_wr": 0,
                "mbps_wr_max": 0,
                "media": "",
                "replicate": 0,
                "size": "2G",
                "slot": 0,
                "ssd": 0,
                "storage": "local-zfs",
                "storage_type": "zfspool",
                "type": "scsi",
                "volume": "local-zfs:vm-104-disk-0"
              }
            ],
            "disk_gb": 0,
            "force_create": false,
            "force_recreate_on_change_of": null,
            "full_clone": true,
            "guest_agent_ready_timeout": 100,
            "hagroup": "",
            "hastate": "",
            "hotplug": "network,disk,usb",
            "id": "dell5437/qemu/104",
            "ipconfig0": "ip=192.168.2.11/32,gw=192.168.2.254",
            "ipconfig1": "",
            "ipconfig2": "",
            "ipconfig3": "",
            "ipconfig4": "",
            "ipconfig5": "",
            "iso": null,
            "kvm": true,
            "mac": "",
            "memory": 3500,
            "name": "ks8-vm1",
            "nameserver": "192.168.2.200 192.168.2.201 8.8.8.8",
            "network": [
              {
                "bridge": "vmbr0",
                "firewall": false,
                "link_down": false,
                "macaddr": "22:E2:A0:2F:92:53",
                "model": "virtio",
                "mtu": 0,
                "queues": 0,
                "rate": 0,
                "tag": -1
              }
            ],
            "nic": "",
            "numa": false,
            "onboot": false,
            "oncreate": true,
            "os_network_config": null,
            "os_type": "cloud-init",
            "pool": "",
            "preprovision": true,
            "pxe": null,
            "qemu_os": "other",
            "reboot_required": false,
            "scsihw": "virtio-scsi-pci",
            "searchdomain": "",
            "serial": [],
            "sockets": 1,
            "ssh_forward_ip": null,
            "ssh_host": null,
            "ssh_port": null,
            "ssh_private_key": null,
            "ssh_user": "ks8vm1",
            "sshkeys": "ssh-rsa AAAAB3NzaC1yc2EAAAADAQABAAACAQC10n3LPG0+ORaiaE7/3xKX43d89PQaLeremjexzlHp4BQmcUoIVBQl2dN2NDgLFm04p8UN0HffT5KsTYTMCz3L7RyrCBa3BiwbgBRfKBQBkjtPmVZgE0N6f/wyQ9iC0lnzyCwJ/vXu4a++K6txRIuYGOzEQ60QkGar7QOEuSTAt9kHxQ3Nk/whV29HPGGxySqrjKSEfFpMjbelC9BxeTEv6s/14swHBGgtJqMBFb/e8V4Dv+Q2/FJ10nBAfGmE9mE4xquTct7Mw/2Vd4/6+RhnTOwTJiX1fgt9Pd86I3IlKUC8cRRt5cJFlzql6U4JHyHuETUyrEUZ1Ev07sDB6yzw2yFtAUwFJ2+LJIXHkQFwbrDM+SikrjOfJ48o/voSdBYjUel5z9PlqZ74n1d36DEJcBJDrUWl1A790Y6rIYMDsHG4i4Rebet4Hx1e4wUx8tdmKrBLylGCpI699n+Xhe8YGSGOZ9761LkxAcaGQFV1+4z0t6omkEoacsAMH8u4G3oo+19SMzHhIBBQbtnDDzbsRglQFwRHKNq84esfABk7FJPSY1LMCvXh5M0gINOqKxGeUr6uI5JVfbiRitgK5HubpcdYyVELV77QA9JAzNtsfRSWvIdS/7OzMOjvI2W4MbEGt8/GOEg57nt7EClNicaRe/o9UgdpNzToWsqKDURGqQ==\n\n",
            "startup": "",
            "storage": "",
            "storage_type": "",
            "tablet": true,
            "tags": "",
            "target_node": "dell5437",
            "timeouts": null,
            "unused_disk": [],
            "usb": [],
            "vcpus": 0,
            "vga": [],
            "vlan": -1,
            "vmid": null
          },
          "sensitive_attributes": [],
          "private": "eyJlMmJmYjczMC1lY2FhLTExZTYtOGY4OC0zNDM2M2JjN2M0YzAiOnsiY3JlYXRlIjozMDAwMDAwMDAwMDAsImRlZmF1bHQiOjMwMDAwMDAwMDAwMCwiZGVsZXRlIjoxODAwMDAwMDAwMDAsInJlYWQiOjE4MDAwMDAwMDAwMCwidXBkYXRlIjoxODAwMDAwMDAwMDB9fQ==",
          "dependencies": [
            "module.virtual_machine.tls_private_key.virtual_machine_keys"
          ]
        },
        {
          "index_key": "m2",
          "schema_version": 0,
          "attributes": {
            "additional_wait": 0,
            "agent": 0,
            "args": "",
            "automatic_reboot": true,
            "balloon": 0,
            "bios": "seabios",
            "boot": "c",
            "bootdisk": "scsi0",
            "bridge": "",
            "ci_wait": null,
            "cicustom": "",
            "cipassword": "ks8vm2",
            "ciuser": "ks8vm2",
            "clone": "Debian11CloudInit",
            "clone_wait": 0,
            "cloudinit_cdrom_storage": null,
            "cores": 2,
            "cpu": "host",
            "default_ipv4_address": null,
            "define_connection_info": true,
            "desc": "Máquina virtual - ks8-vm2 - para Rancher.",
            "disk": [
              {
                "aio": "",
                "backup": 0,
                "cache": "none",
                "discard": "",
                "file": "vm-101-disk-0",
                "format": "raw",
                "iops": 0,
                "iops_max": 0,
                "iops_max_length": 0,
                "iops_rd": 0,
                "iops_rd_max": 0,
                "iops_rd_max_length": 0,
                "iops_wr": 0,
                "iops_wr_max": 0,
                "iops_wr_max_length": 0,
                "iothread": 0,
                "mbps": 0,
                "mbps_rd": 0,
                "mbps_rd_max": 0,
                "mbps_wr": 0,
                "mbps_wr_max": 0,
                "media": "",
                "replicate": 0,
                "size": "2G",
                "slot": 0,
                "ssd": 0,
                "storage": "local-zfs",
                "storage_type": "zfspool",
                "type": "scsi",
                "volume": "local-zfs:vm-101-disk-0"
              }
            ],
            "disk_gb": 0,
            "force_create": false,
            "force_recreate_on_change_of": null,
            "full_clone": true,
            "guest_agent_ready_timeout": 100,
            "hagroup": "",
            "hastate": "",
            "hotplug": "network,disk,usb",
            "id": "dell5437/qemu/101",
            "ipconfig0": "ip=192.168.2.12/32,gw=192.168.2.254",
            "ipconfig1": "",
            "ipconfig2": "",
            "ipconfig3": "",
            "ipconfig4": "",
            "ipconfig5": "",
            "iso": null,
            "kvm": true,
            "mac": "",
            "memory": 3500,
            "name": "ks8-vm2",
            "nameserver": "192.168.2.200 192.168.2.201 8.8.8.8",
            "network": [
              {
                "bridge": "vmbr0",
                "firewall": false,
                "link_down": false,
                "macaddr": "82:57:68:61:12:DD",
                "model": "virtio",
                "mtu": 0,
                "queues": 0,
                "rate": 0,
                "tag": -1
              }
            ],
            "nic": "",
            "numa": false,
            "onboot": false,
            "oncreate": true,
            "os_network_config": null,
            "os_type": "cloud-init",
            "pool": "",
            "preprovision": true,
            "pxe": null,
            "qemu_os": "other",
            "reboot_required": false,
            "scsihw": "virtio-scsi-pci",
            "searchdomain": "",
            "serial": [],
            "sockets": 1,
            "ssh_forward_ip": null,
            "ssh_host": null,
            "ssh_port": null,
            "ssh_private_key": null,
            "ssh_user": "ks8vm2",
            "sshkeys": "ssh-rsa AAAAB3NzaC1yc2EAAAADAQABAAACAQC10n3LPG0+ORaiaE7/3xKX43d89PQaLeremjexzlHp4BQmcUoIVBQl2dN2NDgLFm04p8UN0HffT5KsTYTMCz3L7RyrCBa3BiwbgBRfKBQBkjtPmVZgE0N6f/wyQ9iC0lnzyCwJ/vXu4a++K6txRIuYGOzEQ60QkGar7QOEuSTAt9kHxQ3Nk/whV29HPGGxySqrjKSEfFpMjbelC9BxeTEv6s/14swHBGgtJqMBFb/e8V4Dv+Q2/FJ10nBAfGmE9mE4xquTct7Mw/2Vd4/6+RhnTOwTJiX1fgt9Pd86I3IlKUC8cRRt5cJFlzql6U4JHyHuETUyrEUZ1Ev07sDB6yzw2yFtAUwFJ2+LJIXHkQFwbrDM+SikrjOfJ48o/voSdBYjUel5z9PlqZ74n1d36DEJcBJDrUWl1A790Y6rIYMDsHG4i4Rebet4Hx1e4wUx8tdmKrBLylGCpI699n+Xhe8YGSGOZ9761LkxAcaGQFV1+4z0t6omkEoacsAMH8u4G3oo+19SMzHhIBBQbtnDDzbsRglQFwRHKNq84esfABk7FJPSY1LMCvXh5M0gINOqKxGeUr6uI5JVfbiRitgK5HubpcdYyVELV77QA9JAzNtsfRSWvIdS/7OzMOjvI2W4MbEGt8/GOEg57nt7EClNicaRe/o9UgdpNzToWsqKDURGqQ==\n\n",
            "startup": "",
            "storage": "",
            "storage_type": "",
            "tablet": true,
            "tags": "",
            "target_node": "dell5437",
            "timeouts": null,
            "unused_disk": [],
            "usb": [],
            "vcpus": 0,
            "vga": [],
            "vlan": -1,
            "vmid": null
          },
          "sensitive_attributes": [],
          "private": "eyJlMmJmYjczMC1lY2FhLTExZTYtOGY4OC0zNDM2M2JjN2M0YzAiOnsiY3JlYXRlIjozMDAwMDAwMDAwMDAsImRlZmF1bHQiOjMwMDAwMDAwMDAwMCwiZGVsZXRlIjoxODAwMDAwMDAwMDAsInJlYWQiOjE4MDAwMDAwMDAwMCwidXBkYXRlIjoxODAwMDAwMDAwMDB9fQ==",
          "dependencies": [
            "module.virtual_machine.tls_private_key.virtual_machine_keys"
          ]
        },
        {
          "index_key": "m3",
          "schema_version": 0,
          "attributes": {
            "additional_wait": 0,
            "agent": 0,
            "args": "",
            "automatic_reboot": true,
            "balloon": 0,
            "bios": "seabios",
            "boot": "c",
            "bootdisk": "scsi0",
            "bridge": "",
            "ci_wait": null,
            "cicustom": "",
            "cipassword": "ks8vm3",
            "ciuser": "ks8vm3",
            "clone": "Debian11CloudInit",
            "clone_wait": 0,
            "cloudinit_cdrom_storage": null,
            "cores": 2,
            "cpu": "host",
            "default_ipv4_address": null,
            "define_connection_info": true,
            "desc": "Máquina virtual - ks8-vm3 - para Rancher.",
            "disk": [
              {
                "aio": "",
                "backup": 0,
                "cache": "none",
                "discard": "",
                "file": "vm-100-disk-0",
                "format": "raw",
                "iops": 0,
                "iops_max": 0,
                "iops_max_length": 0,
                "iops_rd": 0,
                "iops_rd_max": 0,
                "iops_rd_max_length": 0,
                "iops_wr": 0,
                "iops_wr_max": 0,
                "iops_wr_max_length": 0,
                "iothread": 0,
                "mbps": 0,
                "mbps_rd": 0,
                "mbps_rd_max": 0,
                "mbps_wr": 0,
                "mbps_wr_max": 0,
                "media": "",
                "replicate": 0,
                "size": "2G",
                "slot": 0,
                "ssd": 0,
                "storage": "local-zfs",
                "storage_type": "zfspool",
                "type": "scsi",
                "volume": "local-zfs:vm-100-disk-0"
              }
            ],
            "disk_gb": 0,
            "force_create": false,
            "force_recreate_on_change_of": null,
            "full_clone": true,
            "guest_agent_ready_timeout": 100,
            "hagroup": "",
            "hastate": "",
            "hotplug": "network,disk,usb",
            "id": "dell5437/qemu/100",
            "ipconfig0": "ip=192.168.2.13/32,gw=192.168.2.254",
            "ipconfig1": "",
            "ipconfig2": "",
            "ipconfig3": "",
            "ipconfig4": "",
            "ipconfig5": "",
            "iso": null,
            "kvm": true,
            "mac": "",
            "memory": 3500,
            "name": "ks8-vm3",
            "nameserver": "192.168.2.200 192.168.2.201 8.8.8.8",
            "network": [
              {
                "bridge": "vmbr0",
                "firewall": false,
                "link_down": false,
                "macaddr": "4E:C0:9E:89:A1:DD",
                "model": "virtio",
                "mtu": 0,
                "queues": 0,
                "rate": 0,
                "tag": -1
              }
            ],
            "nic": "",
            "numa": false,
            "onboot": false,
            "oncreate": true,
            "os_network_config": null,
            "os_type": "cloud-init",
            "pool": "",
            "preprovision": true,
            "pxe": null,
            "qemu_os": "other",
            "reboot_required": false,
            "scsihw": "virtio-scsi-pci",
            "searchdomain": "",
            "serial": [],
            "sockets": 1,
            "ssh_forward_ip": null,
            "ssh_host": null,
            "ssh_port": null,
            "ssh_private_key": null,
            "ssh_user": "ks8vm3",
            "sshkeys": "ssh-rsa AAAAB3NzaC1yc2EAAAADAQABAAACAQC10n3LPG0+ORaiaE7/3xKX43d89PQaLeremjexzlHp4BQmcUoIVBQl2dN2NDgLFm04p8UN0HffT5KsTYTMCz3L7RyrCBa3BiwbgBRfKBQBkjtPmVZgE0N6f/wyQ9iC0lnzyCwJ/vXu4a++K6txRIuYGOzEQ60QkGar7QOEuSTAt9kHxQ3Nk/whV29HPGGxySqrjKSEfFpMjbelC9BxeTEv6s/14swHBGgtJqMBFb/e8V4Dv+Q2/FJ10nBAfGmE9mE4xquTct7Mw/2Vd4/6+RhnTOwTJiX1fgt9Pd86I3IlKUC8cRRt5cJFlzql6U4JHyHuETUyrEUZ1Ev07sDB6yzw2yFtAUwFJ2+LJIXHkQFwbrDM+SikrjOfJ48o/voSdBYjUel5z9PlqZ74n1d36DEJcBJDrUWl1A790Y6rIYMDsHG4i4Rebet4Hx1e4wUx8tdmKrBLylGCpI699n+Xhe8YGSGOZ9761LkxAcaGQFV1+4z0t6omkEoacsAMH8u4G3oo+19SMzHhIBBQbtnDDzbsRglQFwRHKNq84esfABk7FJPSY1LMCvXh5M0gINOqKxGeUr6uI5JVfbiRitgK5HubpcdYyVELV77QA9JAzNtsfRSWvIdS/7OzMOjvI2W4MbEGt8/GOEg57nt7EClNicaRe/o9UgdpNzToWsqKDURGqQ==\n\n",
            "startup": "",
            "storage": "",
            "storage_type": "",
            "tablet": true,
            "tags": "",
            "target_node": "dell5437",
            "timeouts": null,
            "unused_disk": [],
            "usb": [],
            "vcpus": 0,
            "vga": [],
            "vlan": -1,
            "vmid": null
          },
          "sensitive_attributes": [],
          "private": "eyJlMmJmYjczMC1lY2FhLTExZTYtOGY4OC0zNDM2M2JjN2M0YzAiOnsiY3JlYXRlIjozMDAwMDAwMDAwMDAsImRlZmF1bHQiOjMwMDAwMDAwMDAwMCwiZGVsZXRlIjoxODAwMDAwMDAwMDAsInJlYWQiOjE4MDAwMDAwMDAwMCwidXBkYXRlIjoxODAwMDAwMDAwMDB9fQ==",
          "dependencies": [
            "module.virtual_machine.tls_private_key.virtual_machine_keys"
          ]
        },
        {
          "index_key": "m4",
          "schema_version": 0,
          "attributes": {
            "additional_wait": 0,
            "agent": 0,
            "args": "",
            "automatic_reboot": true,
            "balloon": 0,
            "bios": "seabios",
            "boot": "c",
            "bootdisk": "scsi0",
            "bridge": "",
            "ci_wait": null,
            "cicustom": "",
            "cipassword": "ks8rancher",
            "ciuser": "ks8rancher",
            "clone": "Debian11CloudInit",
            "clone_wait": 0,
            "cloudinit_cdrom_storage": null,
            "cores": 2,
            "cpu": "host",
            "default_ipv4_address": null,
            "define_connection_info": true,
            "desc": "Máquina virtual - ks8-rancher.",
            "disk": [
              {
                "aio": "",
                "backup": 0,
                "cache": "none",
                "discard": "",
                "file": "vm-105-disk-0",
                "format": "raw",
                "iops": 0,
                "iops_max": 0,
                "iops_max_length": 0,
                "iops_rd": 0,
                "iops_rd_max": 0,
                "iops_rd_max_length": 0,
                "iops_wr": 0,
                "iops_wr_max": 0,
                "iops_wr_max_length": 0,
                "iothread": 0,
                "mbps": 0,
                "mbps_rd": 0,
                "mbps_rd_max": 0,
                "mbps_wr": 0,
                "mbps_wr_max": 0,
                "media": "",
                "replicate": 0,
                "size": "2G",
                "slot": 0,
                "ssd": 0,
                "storage": "local-zfs",
                "storage_type": "zfspool",
                "type": "scsi",
                "volume": "local-zfs:vm-105-disk-0"
              }
            ],
            "disk_gb": 0,
            "force_create": false,
            "force_recreate_on_change_of": null,
            "full_clone": true,
            "guest_agent_ready_timeout": 100,
            "hagroup": "",
            "hastate": "",
            "hotplug": "network,disk,usb",
            "id": "dell5437/qemu/105",
            "ipconfig0": "ip=192.168.2.10/32,gw=192.168.2.254",
            "ipconfig1": "",
            "ipconfig2": "",
            "ipconfig3": "",
            "ipconfig4": "",
            "ipconfig5": "",
            "iso": null,
            "kvm": true,
            "mac": "",
            "memory": 4500,
            "name": "ks8-rancher",
            "nameserver": "192.168.2.200 192.168.2.201 8.8.8.8",
            "network": [
              {
                "bridge": "vmbr0",
                "firewall": false,
                "link_down": false,
                "macaddr": "FA:58:B8:CE:04:B8",
                "model": "virtio",
                "mtu": 0,
                "queues": 0,
                "rate": 0,
                "tag": -1
              }
            ],
            "nic": "",
            "numa": false,
            "onboot": false,
            "oncreate": true,
            "os_network_config": null,
            "os_type": "cloud-init",
            "pool": "",
            "preprovision": true,
            "pxe": null,
            "qemu_os": "other",
            "reboot_required": false,
            "scsihw": "virtio-scsi-pci",
            "searchdomain": "",
            "serial": [],
            "sockets": 1,
            "ssh_forward_ip": null,
            "ssh_host": null,
            "ssh_port": null,
            "ssh_private_key": null,
            "ssh_user": "ks8rancher",
            "sshkeys": "ssh-rsa AAAAB3NzaC1yc2EAAAADAQABAAACAQC10n3LPG0+ORaiaE7/3xKX43d89PQaLeremjexzlHp4BQmcUoIVBQl2dN2NDgLFm04p8UN0HffT5KsTYTMCz3L7RyrCBa3BiwbgBRfKBQBkjtPmVZgE0N6f/wyQ9iC0lnzyCwJ/vXu4a++K6txRIuYGOzEQ60QkGar7QOEuSTAt9kHxQ3Nk/whV29HPGGxySqrjKSEfFpMjbelC9BxeTEv6s/14swHBGgtJqMBFb/e8V4Dv+Q2/FJ10nBAfGmE9mE4xquTct7Mw/2Vd4/6+RhnTOwTJiX1fgt9Pd86I3IlKUC8cRRt5cJFlzql6U4JHyHuETUyrEUZ1Ev07sDB6yzw2yFtAUwFJ2+LJIXHkQFwbrDM+SikrjOfJ48o/voSdBYjUel5z9PlqZ74n1d36DEJcBJDrUWl1A790Y6rIYMDsHG4i4Rebet4Hx1e4wUx8tdmKrBLylGCpI699n+Xhe8YGSGOZ9761LkxAcaGQFV1+4z0t6omkEoacsAMH8u4G3oo+19SMzHhIBBQbtnDDzbsRglQFwRHKNq84esfABk7FJPSY1LMCvXh5M0gINOqKxGeUr6uI5JVfbiRitgK5HubpcdYyVELV77QA9JAzNtsfRSWvIdS/7OzMOjvI2W4MbEGt8/GOEg57nt7EClNicaRe/o9UgdpNzToWsqKDURGqQ==\n\n",
            "startup": "",
            "storage": "",
            "storage_type": "",
            "tablet": true,
            "tags": "",
            "target_node": "dell5437",
            "timeouts": null,
            "unused_disk": [],
            "usb": [],
            "vcpus": 0,
            "vga": [],
            "vlan": -1,
            "vmid": null
          },
          "sensitive_attributes": [],
          "private": "eyJlMmJmYjczMC1lY2FhLTExZTYtOGY4OC0zNDM2M2JjN2M0YzAiOnsiY3JlYXRlIjozMDAwMDAwMDAwMDAsImRlZmF1bHQiOjMwMDAwMDAwMDAwMCwiZGVsZXRlIjoxODAwMDAwMDAwMDAsInJlYWQiOjE4MDAwMDAwMDAwMCwidXBkYXRlIjoxODAwMDAwMDAwMDB9fQ==",
          "dependencies": [
            "module.virtual_machine.tls_private_key.virtual_machine_keys"
          ]
        },
        {
          "index_key": "m5",
          "schema_version": 0,
          "attributes": {
            "additional_wait": 0,
            "agent": 0,
            "args": "",
            "automatic_reboot": true,
            "balloon": 0,
            "bios": "seabios",
            "boot": "c",
            "bootdisk": "scsi0",
            "bridge": "",
            "ci_wait": null,
            "cicustom": "",
            "cipassword": "dnsmaster",
            "ciuser": "dnsmaster",
            "clone": "Debian11CloudInitDados",
            "clone_wait": 0,
            "cloudinit_cdrom_storage": null,
            "cores": 1,
            "cpu": "host",
            "default_ipv4_address": null,
            "define_connection_info": true,
            "desc": "Máquina virtual - DNS Master.",
            "disk": [
              {
                "aio": "",
                "backup": 0,
                "cache": "none",
                "discard": "",
                "file": "vm-103-disk-0",
                "format": "raw",
                "iops": 0,
                "iops_max": 0,
                "iops_max_length": 0,
                "iops_rd": 0,
                "iops_rd_max": 0,
                "iops_rd_max_length": 0,
                "iops_wr": 0,
                "iops_wr_max": 0,
                "iops_wr_max_length": 0,
                "iothread": 0,
                "mbps": 0,
                "mbps_rd": 0,
                "mbps_rd_max": 0,
                "mbps_wr": 0,
                "mbps_wr_max": 0,
                "media": "",
                "replicate": 0,
                "size": "2G",
                "slot": 0,
                "ssd": 0,
                "storage": "dados",
                "storage_type": "lvm",
                "type": "scsi",
                "volume": "dados:vm-103-disk-0"
              }
            ],
            "disk_gb": 0,
            "force_create": false,
            "force_recreate_on_change_of": null,
            "full_clone": true,
            "guest_agent_ready_timeout": 100,
            "hagroup": "",
            "hastate": "",
            "hotplug": "network,disk,usb",
            "id": "dellt110/qemu/103",
            "ipconfig0": "ip=192.168.2.200/32,gw=192.168.2.254",
            "ipconfig1": "",
            "ipconfig2": "",
            "ipconfig3": "",
            "ipconfig4": "",
            "ipconfig5": "",
            "iso": null,
            "kvm": true,
            "mac": "",
            "memory": 512,
            "name": "DNS-NS1",
            "nameserver": "192.168.2.200 192.168.2.201 8.8.8.8",
            "network": [
              {
                "bridge": "vmbr0",
                "firewall": false,
                "link_down": false,
                "macaddr": "6E:60:3D:9C:6E:60",
                "model": "virtio",
                "mtu": 0,
                "queues": 0,
                "rate": 0,
                "tag": -1
              }
            ],
            "nic": "",
            "numa": false,
            "onboot": false,
            "oncreate": true,
            "os_network_config": null,
            "os_type": "cloud-init",
            "pool": "",
            "preprovision": true,
            "pxe": null,
            "qemu_os": "other",
            "reboot_required": false,
            "scsihw": "virtio-scsi-pci",
            "searchdomain": "",
            "serial": [],
            "sockets": 1,
            "ssh_forward_ip": null,
            "ssh_host": null,
            "ssh_port": null,
            "ssh_private_key": null,
            "ssh_user": "dnsmaster",
            "sshkeys": "ssh-rsa AAAAB3NzaC1yc2EAAAADAQABAAACAQC10n3LPG0+ORaiaE7/3xKX43d89PQaLeremjexzlHp4BQmcUoIVBQl2dN2NDgLFm04p8UN0HffT5KsTYTMCz3L7RyrCBa3BiwbgBRfKBQBkjtPmVZgE0N6f/wyQ9iC0lnzyCwJ/vXu4a++K6txRIuYGOzEQ60QkGar7QOEuSTAt9kHxQ3Nk/whV29HPGGxySqrjKSEfFpMjbelC9BxeTEv6s/14swHBGgtJqMBFb/e8V4Dv+Q2/FJ10nBAfGmE9mE4xquTct7Mw/2Vd4/6+RhnTOwTJiX1fgt9Pd86I3IlKUC8cRRt5cJFlzql6U4JHyHuETUyrEUZ1Ev07sDB6yzw2yFtAUwFJ2+LJIXHkQFwbrDM+SikrjOfJ48o/voSdBYjUel5z9PlqZ74n1d36DEJcBJDrUWl1A790Y6rIYMDsHG4i4Rebet4Hx1e4wUx8tdmKrBLylGCpI699n+Xhe8YGSGOZ9761LkxAcaGQFV1+4z0t6omkEoacsAMH8u4G3oo+19SMzHhIBBQbtnDDzbsRglQFwRHKNq84esfABk7FJPSY1LMCvXh5M0gINOqKxGeUr6uI5JVfbiRitgK5HubpcdYyVELV77QA9JAzNtsfRSWvIdS/7OzMOjvI2W4MbEGt8/GOEg57nt7EClNicaRe/o9UgdpNzToWsqKDURGqQ==\n\n",
            "startup": "",
            "storage": "",
            "storage_type": "",
            "tablet": true,
            "tags": "",
            "target_node": "dellt110",
            "timeouts": null,
            "unused_disk": [],
            "usb": [],
            "vcpus": 0,
            "vga": [],
            "vlan": -1,
            "vmid": null
          },
          "sensitive_attributes": [],
          "private": "eyJlMmJmYjczMC1lY2FhLTExZTYtOGY4OC0zNDM2M2JjN2M0YzAiOnsiY3JlYXRlIjozMDAwMDAwMDAwMDAsImRlZmF1bHQiOjMwMDAwMDAwMDAwMCwiZGVsZXRlIjoxODAwMDAwMDAwMDAsInJlYWQiOjE4MDAwMDAwMDAwMCwidXBkYXRlIjoxODAwMDAwMDAwMDB9fQ==",
          "dependencies": [
            "module.virtual_machine.tls_private_key.virtual_machine_keys"
          ]
        },
        {
          "index_key": "m6",
          "schema_version": 0,
          "attributes": {
            "additional_wait": 0,
            "agent": 0,
            "args": "",
            "automatic_reboot": true,
            "balloon": 0,
            "bios": "seabios",
            "boot": "c",
            "bootdisk": "scsi0",
            "bridge": "",
            "ci_wait": null,
            "cicustom": "",
            "cipassword": "dnsslave",
            "ciuser": "dnsslave",
            "clone": "Debian11CloudInitDados",
            "clone_wait": 0,
            "cloudinit_cdrom_storage": null,
            "cores": 1,
            "cpu": "host",
            "default_ipv4_address": null,
            "define_connection_info": true,
            "desc": "Máquina virtual - DNS Slave.",
            "disk": [
              {
                "aio": "",
                "backup": 0,
                "cache": "none",
                "discard": "",
                "file": "vm-102-disk-0",
                "format": "raw",
                "iops": 0,
                "iops_max": 0,
                "iops_max_length": 0,
                "iops_rd": 0,
                "iops_rd_max": 0,
                "iops_rd_max_length": 0,
                "iops_wr": 0,
                "iops_wr_max": 0,
                "iops_wr_max_length": 0,
                "iothread": 0,
                "mbps": 0,
                "mbps_rd": 0,
                "mbps_rd_max": 0,
                "mbps_wr": 0,
                "mbps_wr_max": 0,
                "media": "",
                "replicate": 0,
                "size": "10G",
                "slot": 0,
                "ssd": 0,
                "storage": "dados",
                "storage_type": "lvm",
                "type": "virtio",
                "volume": "dados:vm-102-disk-0"
              }
            ],
            "disk_gb": 0,
            "force_create": false,
            "force_recreate_on_change_of": null,
            "full_clone": true,
            "guest_agent_ready_timeout": 100,
            "hagroup": "",
            "hastate": "",
            "hotplug": "network,disk,usb",
            "id": "dellt110/qemu/102",
            "ipconfig0": "ip=192.168.2.201/32,gw=192.168.2.254",
            "ipconfig1": "",
            "ipconfig2": "",
            "ipconfig3": "",
            "ipconfig4": "",
            "ipconfig5": "",
            "iso": null,
            "kvm": true,
            "mac": "",
            "memory": 512,
            "name": "DNS-NS2",
            "nameserver": "192.168.2.200 192.168.2.201 8.8.8.8",
            "network": [
              {
                "bridge": "vmbr0",
                "firewall": false,
                "link_down": false,
                "macaddr": "02:C0:10:09:A7:D0",
                "model": "virtio",
                "mtu": 0,
                "queues": 0,
                "rate": 0,
                "tag": -1
              }
            ],
            "nic": "",
            "numa": false,
            "onboot": false,
            "oncreate": true,
            "os_network_config": null,
            "os_type": "cloud-init",
            "pool": "",
            "preprovision": true,
            "pxe": null,
            "qemu_os": "other",
            "reboot_required": false,
            "scsihw": "virtio-scsi-pci",
            "searchdomain": "",
            "serial": [],
            "sockets": 1,
            "ssh_forward_ip": null,
            "ssh_host": null,
            "ssh_port": null,
            "ssh_private_key": null,
            "ssh_user": "dnsslave",
            "sshkeys": "ssh-rsa AAAAB3NzaC1yc2EAAAADAQABAAACAQC10n3LPG0+ORaiaE7/3xKX43d89PQaLeremjexzlHp4BQmcUoIVBQl2dN2NDgLFm04p8UN0HffT5KsTYTMCz3L7RyrCBa3BiwbgBRfKBQBkjtPmVZgE0N6f/wyQ9iC0lnzyCwJ/vXu4a++K6txRIuYGOzEQ60QkGar7QOEuSTAt9kHxQ3Nk/whV29HPGGxySqrjKSEfFpMjbelC9BxeTEv6s/14swHBGgtJqMBFb/e8V4Dv+Q2/FJ10nBAfGmE9mE4xquTct7Mw/2Vd4/6+RhnTOwTJiX1fgt9Pd86I3IlKUC8cRRt5cJFlzql6U4JHyHuETUyrEUZ1Ev07sDB6yzw2yFtAUwFJ2+LJIXHkQFwbrDM+SikrjOfJ48o/voSdBYjUel5z9PlqZ74n1d36DEJcBJDrUWl1A790Y6rIYMDsHG4i4Rebet4Hx1e4wUx8tdmKrBLylGCpI699n+Xhe8YGSGOZ9761LkxAcaGQFV1+4z0t6omkEoacsAMH8u4G3oo+19SMzHhIBBQbtnDDzbsRglQFwRHKNq84esfABk7FJPSY1LMCvXh5M0gINOqKxGeUr6uI5JVfbiRitgK5HubpcdYyVELV77QA9JAzNtsfRSWvIdS/7OzMOjvI2W4MbEGt8/GOEg57nt7EClNicaRe/o9UgdpNzToWsqKDURGqQ==\n\n",
            "startup": "",
            "storage": "",
            "storage_type": "",
            "tablet": true,
            "tags": "",
            "target_node": "dellt110",
            "timeouts": null,
            "unused_disk": [],
            "usb": [],
            "vcpus": 0,
            "vga": [],
            "vlan": -1,
            "vmid": null
          },
          "sensitive_attributes": [],
          "private": "eyJlMmJmYjczMC1lY2FhLTExZTYtOGY4OC0zNDM2M2JjN2M0YzAiOnsiY3JlYXRlIjozMDAwMDAwMDAwMDAsImRlZmF1bHQiOjMwMDAwMDAwMDAwMCwiZGVsZXRlIjoxODAwMDAwMDAwMDAsInJlYWQiOjE4MDAwMDAwMDAwMCwidXBkYXRlIjoxODAwMDAwMDAwMDB9fQ==",
          "dependencies": [
            "module.virtual_machine.tls_private_key.virtual_machine_keys"
          ]
        },
        {
          "index_key": "m7",
          "schema_version": 0,
          "attributes": {
            "additional_wait": 0,
            "agent": 0,
            "args": "",
            "automatic_reboot": true,
            "balloon": 0,
            "bios": "seabios",
            "boot": "c",
            "bootdisk": "scsi0",
            "bridge": "",
            "ci_wait": null,
            "cicustom": "",
            "cipassword": "nfstorrent",
            "ciuser": "nfstorrent",
            "clone": "Debian11CloudInitDados",
            "clone_wait": 0,
            "cloudinit_cdrom_storage": null,
            "cores": 1,
            "cpu": "host",
            "default_ipv4_address": null,
            "define_connection_info": true,
            "desc": "Máquina virtual - NFS TORRENT.",
            "disk": [
              {
                "aio": "",
                "backup": 0,
                "cache": "none",
                "discard": "",
                "file": "vm-106-disk-0",
                "format": "raw",
                "iops": 0,
                "iops_max": 0,
                "iops_max_length": 0,
                "iops_rd": 0,
                "iops_rd_max": 0,
                "iops_rd_max_length": 0,
                "iops_wr": 0,
                "iops_wr_max": 0,
                "iops_wr_max_length": 0,
                "iothread": 0,
                "mbps": 0,
                "mbps_rd": 0,
                "mbps_rd_max": 0,
                "mbps_wr": 0,
                "mbps_wr_max": 0,
                "media": "",
                "replicate": 0,
                "size": "2G",
                "slot": 0,
                "ssd": 0,
                "storage": "dados",
                "storage_type": "lvm",
                "type": "scsi",
                "volume": "dados:vm-106-disk-0"
              }
            ],
            "disk_gb": 0,
            "force_create": false,
            "force_recreate_on_change_of": null,
            "full_clone": true,
            "guest_agent_ready_timeout": 100,
            "hagroup": "",
            "hastate": "",
            "hotplug": "network,disk,usb",
            "id": "dellt110/qemu/106",
            "ipconfig0": "ip=192.168.2.203/32,gw=192.168.2.254",
            "ipconfig1": "",
            "ipconfig2": "",
            "ipconfig3": "",
            "ipconfig4": "",
            "ipconfig5": "",
            "iso": null,
            "kvm": true,
            "mac": "",
            "memory": 2042,
            "name": "NFS-SERVER-TORRENT",
            "nameserver": "192.168.2.200 192.168.2.201 8.8.8.8",
            "network": [
              {
                "bridge": "vmbr0",
                "firewall": false,
                "link_down": false,
                "macaddr": "1E:45:79:99:5C:7B",
                "model": "virtio",
                "mtu": 0,
                "queues": 0,
                "rate": 0,
                "tag": -1
              }
            ],
            "nic": "",
            "numa": false,
            "onboot": false,
            "oncreate": true,
            "os_network_config": null,
            "os_type": "cloud-init",
            "pool": "",
            "preprovision": true,
            "pxe": null,
            "qemu_os": "other",
            "reboot_required": false,
            "scsihw": "virtio-scsi-pci",
            "searchdomain": "",
            "serial": [],
            "sockets": 2,
            "ssh_forward_ip": null,
            "ssh_host": null,
            "ssh_port": null,
            "ssh_private_key": null,
            "ssh_user": "nfstorrent",
            "sshkeys": "ssh-rsa AAAAB3NzaC1yc2EAAAADAQABAAACAQC10n3LPG0+ORaiaE7/3xKX43d89PQaLeremjexzlHp4BQmcUoIVBQl2dN2NDgLFm04p8UN0HffT5KsTYTMCz3L7RyrCBa3BiwbgBRfKBQBkjtPmVZgE0N6f/wyQ9iC0lnzyCwJ/vXu4a++K6txRIuYGOzEQ60QkGar7QOEuSTAt9kHxQ3Nk/whV29HPGGxySqrjKSEfFpMjbelC9BxeTEv6s/14swHBGgtJqMBFb/e8V4Dv+Q2/FJ10nBAfGmE9mE4xquTct7Mw/2Vd4/6+RhnTOwTJiX1fgt9Pd86I3IlKUC8cRRt5cJFlzql6U4JHyHuETUyrEUZ1Ev07sDB6yzw2yFtAUwFJ2+LJIXHkQFwbrDM+SikrjOfJ48o/voSdBYjUel5z9PlqZ74n1d36DEJcBJDrUWl1A790Y6rIYMDsHG4i4Rebet4Hx1e4wUx8tdmKrBLylGCpI699n+Xhe8YGSGOZ9761LkxAcaGQFV1+4z0t6omkEoacsAMH8u4G3oo+19SMzHhIBBQbtnDDzbsRglQFwRHKNq84esfABk7FJPSY1LMCvXh5M0gINOqKxGeUr6uI5JVfbiRitgK5HubpcdYyVELV77QA9JAzNtsfRSWvIdS/7OzMOjvI2W4MbEGt8/GOEg57nt7EClNicaRe/o9UgdpNzToWsqKDURGqQ==\n\n",
            "startup": "",
            "storage": "",
            "storage_type": "",
            "tablet": true,
            "tags": "",
            "target_node": "dellt110",
            "timeouts": null,
            "unused_disk": [],
            "usb": [],
            "vcpus": 0,
            "vga": [],
            "vlan": -1,
            "vmid": null
          },
          "sensitive_attributes": [],
          "private": "eyJlMmJmYjczMC1lY2FhLTExZTYtOGY4OC0zNDM2M2JjN2M0YzAiOnsiY3JlYXRlIjozMDAwMDAwMDAwMDAsImRlZmF1bHQiOjMwMDAwMDAwMDAwMCwiZGVsZXRlIjoxODAwMDAwMDAwMDAsInJlYWQiOjE4MDAwMDAwMDAwMCwidXBkYXRlIjoxODAwMDAwMDAwMDB9fQ==",
          "dependencies": [
            "module.virtual_machine.tls_private_key.virtual_machine_keys"
          ]
        }
      ]
    },
    {
      "module": "module.virtual_machine",
      "mode": "managed",
      "type": "tls_private_key",
      "name": "virtual_machine_keys",
      "provider": "provider[\"registry.terraform.io/hashicorp/tls\"]",
      "instances": [
        {
          "schema_version": 0,
          "attributes": {
            "algorithm": "RSA",
            "ecdsa_curve": "P224",
            "id": "70e4e8d9c1ca005f22e2315106a6350471a8f878",
            "private_key_openssh": "-----BEGIN OPENSSH PRIVATE KEY-----\nb3BlbnNzaC1rZXktdjEAAAAABG5vbmUAAAAEbm9uZQAAAAAAAAABAAACFwAAAAdz\nc2gtcnNhAAAAAwEAAQAAAgEAtdJ9yzxtPjkWomhO/98Sl+N3fPT0Gi3q3po3sc5R\n6eAUJnFKCFQUJdnTdjQ4CxZtOKfFDdB330+SrE2EzAs9y+0cqwgWtwYsG4AUXygU\nAZI7T5lWYBNDen/8MkPYgtJZ88gsCf717uGvviurcUSLmBjsxEOtEJBmq+0DhLkk\nwLfZB8UNzZP8IVdvRzxhsckqq4ykhHxaTI23pQvQcXkxL+rP9eLMBwRoLSajARW/\n3vFeA7/kNvxSddJwQHxphPZhOMark3LezMP9lXeP+vkYZ0zsEyYl9X4LfT3fOiNy\nJSlAvHEUbeXCRZc6pelOCR8h7hE1MqxFGdRL9O7Awess8NshbQFMBSdviySFx5EB\ncG6wzPkopK4znyePKP76EnQWI1Hpec/T5ame+J9Xd+gxCXASQ61FpdQO/dGOqyGD\nA7BxuIuEXm3reB8dXuMFMfLXZiqwS8pRgqSOvfZ/l4XvGBkhjmfe+tS5MQHGhkBV\ndfuM9LeqJpBKGnLADB/LuBt6KPtfUjMx4SAQUG7Zww827EYJUBcERyjavOHrHwAZ\nOxST0mNSzAr14eTNICDTqisRnlK+riOSVX24kYrYCuR7m6XHWMlRC1e+0APSQMzb\nbH0UlryHUv+zszDo7yNluDGxBrfPxjhIOe57exApTYnGkXv6PVIHaTc06FrKig1E\nRqkAAAc4cCx29XAsdvUAAAAHc3NoLXJzYQAAAgEAtdJ9yzxtPjkWomhO/98Sl+N3\nfPT0Gi3q3po3sc5R6eAUJnFKCFQUJdnTdjQ4CxZtOKfFDdB330+SrE2EzAs9y+0c\nqwgWtwYsG4AUXygUAZI7T5lWYBNDen/8MkPYgtJZ88gsCf717uGvviurcUSLmBjs\nxEOtEJBmq+0DhLkkwLfZB8UNzZP8IVdvRzxhsckqq4ykhHxaTI23pQvQcXkxL+rP\n9eLMBwRoLSajARW/3vFeA7/kNvxSddJwQHxphPZhOMark3LezMP9lXeP+vkYZ0zs\nEyYl9X4LfT3fOiNyJSlAvHEUbeXCRZc6pelOCR8h7hE1MqxFGdRL9O7Awess8Nsh\nbQFMBSdviySFx5EBcG6wzPkopK4znyePKP76EnQWI1Hpec/T5ame+J9Xd+gxCXAS\nQ61FpdQO/dGOqyGDA7BxuIuEXm3reB8dXuMFMfLXZiqwS8pRgqSOvfZ/l4XvGBkh\njmfe+tS5MQHGhkBVdfuM9LeqJpBKGnLADB/LuBt6KPtfUjMx4SAQUG7Zww827EYJ\nUBcERyjavOHrHwAZOxST0mNSzAr14eTNICDTqisRnlK+riOSVX24kYrYCuR7m6XH\nWMlRC1e+0APSQMzbbH0UlryHUv+zszDo7yNluDGxBrfPxjhIOe57exApTYnGkXv6\nPVIHaTc06FrKig1ERqkAAAADAQABAAACAQC0SQXQepc7pnGqEdGbZr5R+wskzOIp\n/zOvC62D0bdpNnXkdFrbDTt5GJbT0w1q+Q7NqZT7kKT7uTQPQ0IU7GSXCwJtGDUl\nv6oGjqYkgGHt+Oh0ke+SjidPlQ4lbR6HATqOPgJk2vlSp1eSMkzpn/TmmHhUV2KI\nVRZpDTd65/XoXaOGT77TBBRxnvfI47dfCMAVn/wVHhSPacoZjjBeA7Rg9ezEu+Bg\naN8/PdtNHRrGXgBBqYkJeIHvL/18A6DBZWebW2sPZkxDL2cHSKlsSogHDb/bcO0c\nkaGkyq/IPxNUg6Yb8+g03CgYxs4xarek1cjX/RoJp8VQyi+SqxZYce95K4QTZom0\nlxBXs7qh0JiEsCAFWwdDJcjwsBui+Jnu7bZqcNKLhQOQdlu7AuNAOKwPetRtu+87\nChtd6OO6NvuSTByLWXjem2XBxTv2kpP9dzLbyraxAzUcwmLbd/rl2F8fc08Ga0Ad\n+CM4x2s2QneX4EfAwmOBPIyxy1BXFDgU7We8I99kC32FoENB1mBB3ZEDhKitN0c0\nNkmvgXL9snPBKZ6Dch5q5SWHVmeI/ZKXuwxuefyGjxvzK9Xcyxc5oyXrgGHgVSFj\ntWSk3zvnHHcOBY9UjvSIbLg/7AXQ0xvIxHIc1DS9mThwMLLpAqJopRJRk/5E4CE9\nFKtF5T5mjcUXnQAAAQAhPaY3IEvJ9W6+EYwMeSrcjkXvlK1aUAPk6XBMKuMaO0UQ\nP8FO1vJ3jUDspnlRd8U208UwZt72aZo9HeLl645mtOEp0N+V1ZZ7tn+O8u0b3WXU\n/xv3n4WVl4YximOJa2N+03IdVffLO06bJDa3yCZXKUemAxE04sXhWzF7/B4OtwmQ\nPeQnGMND+ntskNSpvlVed5vFmYB339XAi8B5nN7Xe9hxiRV/+8ERPttmTda+dTfy\nQygQRZc0WKOT/TikXIzE8/AfCxH6kNidqDTsjEGyPaA5lRBaiZcdsykJOVLqC0RB\nwJbL2zsG4vO2e0m3kzzgchgbZOKsU0d6tunXG5y4AAABAQDYj9wPwKiigsNirM1g\nlzttODXNsaIf+POUIYzmKR0VPz/QuEuytG9wCQD3aalnNyHPx8HEJQIpHhIiI95S\nhhxhN+AOmXuU+UqAMtoAsCdcTb36za1uhFaM3AVdSF7Q6hPUVukItoeP47XZ0umK\nIU5m8A+DGFD4z6je2RGwaypM+NjrbsVLXL6k8pSEeL7wo+jYYYFqM143tAW9TK0e\nHMFWkJZYqwW00HrgiTFjGUzRL7OtuFSJtf7WgjtzUTVpVHKOX6+ViVS7SPgNWYQN\nlr77vEKDHCJ7k0CLXe0s0576lXEFppr2q3/l9KvIHOIWduZtho5EVDbH+2uBB0KB\nl9DjAAABAQDW7w/+YPrXJ3nIVqomSgAmpzNf14jjXHsjwAsWVbGRu3slhi1g+fO4\nwXtIpbit6K9GrQQkFQabU8k7vUfgHyD2FG82fYiMnvClNWDIz1i+LPTzIeZUXv8h\nElpSupep3vdAPVZlSCSCcmIsWBwfwU8nOPdNhXhBznKyT4fkYydGiO76nfWUD5ut\nIeTNEJkptS8ochvNeAZyZQDm0HC8EBqG9aKZkJ5NGW+vDf3TNCwsAaet86GezH8m\n6Sa7RIWCBnLHRzJcDf2U/Fg9sdCzAAKvvC/Qe2sxoI/AI7kBCxy/glpqym3MZHod\nUJ2A+flTTY/bYoYd3wPgv1x5Tp/BDBwDAAAAAAEC\n-----END OPENSSH PRIVATE KEY-----\n",
            "private_key_pem": "-----BEGIN RSA PRIVATE KEY-----\nMIIJKAIBAAKCAgEAtdJ9yzxtPjkWomhO/98Sl+N3fPT0Gi3q3po3sc5R6eAUJnFK\nCFQUJdnTdjQ4CxZtOKfFDdB330+SrE2EzAs9y+0cqwgWtwYsG4AUXygUAZI7T5lW\nYBNDen/8MkPYgtJZ88gsCf717uGvviurcUSLmBjsxEOtEJBmq+0DhLkkwLfZB8UN\nzZP8IVdvRzxhsckqq4ykhHxaTI23pQvQcXkxL+rP9eLMBwRoLSajARW/3vFeA7/k\nNvxSddJwQHxphPZhOMark3LezMP9lXeP+vkYZ0zsEyYl9X4LfT3fOiNyJSlAvHEU\nbeXCRZc6pelOCR8h7hE1MqxFGdRL9O7Awess8NshbQFMBSdviySFx5EBcG6wzPko\npK4znyePKP76EnQWI1Hpec/T5ame+J9Xd+gxCXASQ61FpdQO/dGOqyGDA7BxuIuE\nXm3reB8dXuMFMfLXZiqwS8pRgqSOvfZ/l4XvGBkhjmfe+tS5MQHGhkBVdfuM9Leq\nJpBKGnLADB/LuBt6KPtfUjMx4SAQUG7Zww827EYJUBcERyjavOHrHwAZOxST0mNS\nzAr14eTNICDTqisRnlK+riOSVX24kYrYCuR7m6XHWMlRC1e+0APSQMzbbH0UlryH\nUv+zszDo7yNluDGxBrfPxjhIOe57exApTYnGkXv6PVIHaTc06FrKig1ERqkCAwEA\nAQKCAgEAtEkF0HqXO6ZxqhHRm2a+UfsLJMziKf8zrwutg9G3aTZ15HRa2w07eRiW\n09MNavkOzamU+5Ck+7k0D0NCFOxklwsCbRg1Jb+qBo6mJIBh7fjodJHvko4nT5UO\nJW0ehwE6jj4CZNr5UqdXkjJM6Z/05ph4VFdiiFUWaQ03euf16F2jhk++0wQUcZ73\nyOO3XwjAFZ/8FR4Uj2nKGY4wXgO0YPXsxLvgYGjfPz3bTR0axl4AQamJCXiB7y/9\nfAOgwWVnm1trD2ZMQy9nB0ipbEqIBw2/23DtHJGhpMqvyD8TVIOmG/PoNNwoGMbO\nMWq3pNXI1/0aCafFUMovkqsWWHHveSuEE2aJtJcQV7O6odCYhLAgBVsHQyXI8LAb\noviZ7u22anDSi4UDkHZbuwLjQDisD3rUbbvvOwobXejjujb7kkwci1l43ptlwcU7\n9pKT/Xcy28q2sQM1HMJi23f65dhfH3NPBmtAHfgjOMdrNkJ3l+BHwMJjgTyMsctQ\nVxQ4FO1nvCPfZAt9haBDQdZgQd2RA4SorTdHNDZJr4Fy/bJzwSmeg3IeauUlh1Zn\niP2Sl7sMbnn8ho8b8yvV3MsXOaMl64Bh4FUhY7VkpN875xx3DgWPVI70iGy4P+wF\n0NMbyMRyHNQ0vZk4cDCy6QKiaKUSUZP+ROAhPRSrReU+Zo3FF50CggEBANiP3A/A\nqKKCw2KszWCXO204Nc2xoh/485QhjOYpHRU/P9C4S7K0b3AJAPdpqWc3Ic/HwcQl\nAikeEiIj3lKGHGE34A6Ze5T5SoAy2gCwJ1xNvfrNrW6EVozcBV1IXtDqE9RW6Qi2\nh4/jtdnS6YohTmbwD4MYUPjPqN7ZEbBrKkz42OtuxUtcvqTylIR4vvCj6NhhgWoz\nXje0Bb1MrR4cwVaQllirBbTQeuCJMWMZTNEvs624VIm1/taCO3NRNWlUco5fr5WJ\nVLtI+A1ZhA2Wvvu8QoMcInuTQItd7SzTnvqVcQWmmvarf+X0q8gc4hZ25m2GjkRU\nNsf7a4EHQoGX0OMCggEBANbvD/5g+tcnechWqiZKACanM1/XiONceyPACxZVsZG7\neyWGLWD587jBe0iluK3or0atBCQVBptTyTu9R+AfIPYUbzZ9iIye8KU1YMjPWL4s\n9PMh5lRe/yESWlK6l6ne90A9VmVIJIJyYixYHB/BTyc4902FeEHOcrJPh+RjJ0aI\n7vqd9ZQPm60h5M0QmSm1LyhyG814BnJlAObQcLwQGob1opmQnk0Zb68N/dM0LCwB\np63zoZ7MfybpJrtEhYIGcsdHMlwN/ZT8WD2x0LMAAq+8L9B7azGgj8AjuQELHL+C\nWmrKbcxkeh1QnYD5+VNNj9tihh3fA+C/XHlOn8EMHAMCggEACAvYTlGHMnqPTeRD\nwTn9QEKdZSYbcvqp+jAA7zBJ31c5RMUEMwCXP19mRMsNO0OGIxU18ta5LNPsMo6I\nnSJUfZw42/IB8HgOt5KsHOhunfRZga8QqZGLMbKfFGcy9qor0HDmOaemg8cfI5e9\ni59PLW3v9Zv6rjPw/06rZJWmvbNlQ+IavIEWqERHFmDyHzjH1vpQd6Su9Hzg1ba6\nm+rPmCrJG0RHcv9oAV23kwoGm6MdFvBJW9CCRnASS2eSB3bWxslxWan/lvHQHZbc\n3DBkqi/FfN+XvGWtOUBlJow6VO8mguI80btvhhjAJTBFijYiu6ELOiiy3F1QEjw1\n0WDVpwKCAQAz5xMDqMOqRTwhZtw71s7mhqXfVRsXXHPYFD4ZLKRuvslkLFy0+Gck\njISK7IoGZRQ+ivVfCTzJMZh8tp6uvpWlFxYsIHBjFNaj7pnqpDeX5R9Zvyvx3+bY\nQ6hQJgMN4GvwtV8xohQ+9ARFFRnliTbmD9mYfMynh4UnDhGQ02jenZ6oIpD1Kje7\nvV2VL5bs/XXf3H5eRce4xC9NjbRLlc/yG0sirkur7qKLsWNEJ2srTVMCrLywrk1e\nRhs2Sbu7xHbfLJA6rp435iAg9dmiADSl31nkjIk8OLu9+GJqoBZXINFYzH1rSDA8\n+ASw6qyMs0Q0BDzC5eH32f4oxRXK9nOlAoIBACE9pjcgS8n1br4RjAx5KtyORe+U\nrVpQA+TpcEwq4xo7RRA/wU7W8neNQOymeVF3xTbTxTBm3vZpmj0d4uXrjma04SnQ\n35XVlnu2f47y7RvdZdT/G/efhZWXhjGKY4lrY37Tch1V98s7TpskNrfIJlcpR6YD\nETTixeFbMXv8Hg63CZA95CcYw0P6e2yQ1Km+VV53m8WZgHff1cCLwHmc3td72HGJ\nFX/7wRE+22ZN1r51N/JDKBBFlzRYo5P9OKRcjMTz8B8LEfqQ2J2oNOyMQbI9oDmV\nEFqJlx2zKQk5UuoLREHAlsvbOwbi87Z7SbeTPOByGBtk4qxTR3q26dcbnLg=\n-----END RSA PRIVATE KEY-----\n",
            "public_key_fingerprint_md5": "bc:1b:ba:a5:df:29:5e:d3:eb:3b:ea:56:bc:cd:e2:c7",
            "public_key_fingerprint_sha256": "SHA256:F4KdM2bwqb1M4mymOY/EbVuxSsnt8Cu+Q7ee+xKO8wU",
            "public_key_openssh": "ssh-rsa AAAAB3NzaC1yc2EAAAADAQABAAACAQC10n3LPG0+ORaiaE7/3xKX43d89PQaLeremjexzlHp4BQmcUoIVBQl2dN2NDgLFm04p8UN0HffT5KsTYTMCz3L7RyrCBa3BiwbgBRfKBQBkjtPmVZgE0N6f/wyQ9iC0lnzyCwJ/vXu4a++K6txRIuYGOzEQ60QkGar7QOEuSTAt9kHxQ3Nk/whV29HPGGxySqrjKSEfFpMjbelC9BxeTEv6s/14swHBGgtJqMBFb/e8V4Dv+Q2/FJ10nBAfGmE9mE4xquTct7Mw/2Vd4/6+RhnTOwTJiX1fgt9Pd86I3IlKUC8cRRt5cJFlzql6U4JHyHuETUyrEUZ1Ev07sDB6yzw2yFtAUwFJ2+LJIXHkQFwbrDM+SikrjOfJ48o/voSdBYjUel5z9PlqZ74n1d36DEJcBJDrUWl1A790Y6rIYMDsHG4i4Rebet4Hx1e4wUx8tdmKrBLylGCpI699n+Xhe8YGSGOZ9761LkxAcaGQFV1+4z0t6omkEoacsAMH8u4G3oo+19SMzHhIBBQbtnDDzbsRglQFwRHKNq84esfABk7FJPSY1LMCvXh5M0gINOqKxGeUr6uI5JVfbiRitgK5HubpcdYyVELV77QA9JAzNtsfRSWvIdS/7OzMOjvI2W4MbEGt8/GOEg57nt7EClNicaRe/o9UgdpNzToWsqKDURGqQ==\n",
            "public_key_pem": "-----BEGIN PUBLIC KEY-----\nMIICIjANBgkqhkiG9w0BAQEFAAOCAg8AMIICCgKCAgEAtdJ9yzxtPjkWomhO/98S\nl+N3fPT0Gi3q3po3sc5R6eAUJnFKCFQUJdnTdjQ4CxZtOKfFDdB330+SrE2EzAs9\ny+0cqwgWtwYsG4AUXygUAZI7T5lWYBNDen/8MkPYgtJZ88gsCf717uGvviurcUSL\nmBjsxEOtEJBmq+0DhLkkwLfZB8UNzZP8IVdvRzxhsckqq4ykhHxaTI23pQvQcXkx\nL+rP9eLMBwRoLSajARW/3vFeA7/kNvxSddJwQHxphPZhOMark3LezMP9lXeP+vkY\nZ0zsEyYl9X4LfT3fOiNyJSlAvHEUbeXCRZc6pelOCR8h7hE1MqxFGdRL9O7Awess\n8NshbQFMBSdviySFx5EBcG6wzPkopK4znyePKP76EnQWI1Hpec/T5ame+J9Xd+gx\nCXASQ61FpdQO/dGOqyGDA7BxuIuEXm3reB8dXuMFMfLXZiqwS8pRgqSOvfZ/l4Xv\nGBkhjmfe+tS5MQHGhkBVdfuM9LeqJpBKGnLADB/LuBt6KPtfUjMx4SAQUG7Zww82\n7EYJUBcERyjavOHrHwAZOxST0mNSzAr14eTNICDTqisRnlK+riOSVX24kYrYCuR7\nm6XHWMlRC1e+0APSQMzbbH0UlryHUv+zszDo7yNluDGxBrfPxjhIOe57exApTYnG\nkXv6PVIHaTc06FrKig1ERqkCAwEAAQ==\n-----END PUBLIC KEY-----\n",
            "rsa_bits": 4096
          },
          "sensitive_attributes": [],
          "private": "bnVsbA=="
        }
      ]
    }
  ],
  "check_results": null
}
