{
  "version": 4,
  "terraform_version": "1.4.4",
  "serial": 73,
  "lineage": "44bfbf45-b2a0-6450-0601-dac85d64a901",
  "outputs": {},
  "resources": [
    {
      "module": "module.virtual_machine",
      "mode": "managed",
      "type": "proxmox_vm_qemu",
      "name": "virtual_machines",
      "provider": "module.virtual_machine.provider[\"registry.terraform.io/telmate/proxmox\"]",
      "instances": [
        {
          "index_key": "m1",
          "status": "tainted",
          "schema_version": 0,
          "attributes": {
            "additional_wait": 0,
            "agent": 0,
            "args": "",
            "automatic_reboot": true,
            "balloon": 0,
            "bios": "seabios",
            "boot": "c",
            "bootdisk": "scsi0",
            "bridge": "",
            "ci_wait": null,
            "cicustom": "",
            "cipassword": "ks8vm1",
            "ciuser": "notroot",
            "clone": "Debian11CloudInitAgente",
            "clone_wait": 0,
            "cloudinit_cdrom_storage": null,
            "cores": 2,
            "cpu": "host",
            "default_ipv4_address": null,
            "define_connection_info": true,
            "desc": "Máquina virtual - ks8-vm1 - para Rancher.",
            "disk": [
              {
                "aio": "",
                "backup": 0,
                "cache": "none",
                "discard": "",
                "file": "vm-101-disk-0",
                "format": "raw",
                "iops": 0,
                "iops_max": 0,
                "iops_max_length": 0,
                "iops_rd": 0,
                "iops_rd_max": 0,
                "iops_rd_max_length": 0,
                "iops_wr": 0,
                "iops_wr_max": 0,
                "iops_wr_max_length": 0,
                "iothread": 0,
                "mbps": 0,
                "mbps_rd": 0,
                "mbps_rd_max": 0,
                "mbps_wr": 0,
                "mbps_wr_max": 0,
                "media": "",
                "replicate": 0,
                "size": "35G",
                "slot": 0,
                "ssd": 0,
                "storage": "local-zfs",
                "storage_type": "zfspool",
                "type": "virtio",
                "volume": "local-zfs:vm-101-disk-0"
              }
            ],
            "disk_gb": 0,
            "force_create": false,
            "force_recreate_on_change_of": null,
            "full_clone": true,
            "guest_agent_ready_timeout": 100,
            "hagroup": "",
            "hastate": "",
            "hotplug": "network,disk,usb",
            "id": "dell5437/qemu/101",
            "ipconfig0": "ip=192.168.2.11/24,gw=192.168.2.254",
            "ipconfig1": "",
            "ipconfig2": "",
            "ipconfig3": "",
            "ipconfig4": "",
            "ipconfig5": "",
            "iso": null,
            "kvm": true,
            "mac": "",
            "memory": 3500,
            "name": "ks8-vm1",
            "nameserver": "192.168.2.200 192.168.2.201 8.8.8.8",
            "network": [
              {
                "bridge": "vmbr0",
                "firewall": false,
                "link_down": false,
                "macaddr": "22:E2:A0:2F:92:53",
                "model": "virtio",
                "mtu": 0,
                "queues": 0,
                "rate": 0,
                "tag": -1
              }
            ],
            "nic": "",
            "numa": false,
            "onboot": false,
            "oncreate": true,
            "os_network_config": null,
            "os_type": "cloud-init",
            "pool": "",
            "preprovision": true,
            "pxe": null,
            "qemu_os": "other",
            "reboot_required": false,
            "scsihw": "virtio-scsi-single",
            "searchdomain": "",
            "serial": [],
            "sockets": 1,
            "ssh_forward_ip": null,
            "ssh_host": null,
            "ssh_port": null,
            "ssh_private_key": null,
            "ssh_user": "notroot",
            "sshkeys": "ssh-rsa AAAAB3NzaC1yc2EAAAADAQABAAABgQC/6N0e302Bq6uiDbxptEBvVJxyStA+mzxojv7F1ucktx0Qi5jlvCFXkpAG3G/K5xorUpSMuS9yaA7HUwpwzzHM6TZx6QX9G/uYZam7XRNlZDVjqpfGL+n2jgvo8lTu21/mz9alHlulI3vTAFobRv65XfdqqiL9Tw67mwK3HzWI78bRUvUU1xUN/YvL14MrtinTkPtAfaNTHkzAgCa1LqOBzuRr+vrf6bfNk1+meaEHoWS/Q04iJG0rSDjMWhtQ2CogO0v3IgN9PCqmtTLzbQkiqSzfYb7urLVS0M3sMCTPdX3N3gEYC96rSqvJLMQb/kz+ZxxZmjTiXDyf8vIeYnWxS5/d2300Q1ayX4LPUfapH0r8cfokRVK1TVXiX5MKvNWMW0RiD4p5IfLBcFAgSGEHJmj2zzNbv96nsyzmpzETwIrSXbYTj5i5Xith6lofcC9HkaVABjri3KNQ8+m8BhxDqxFPmXlWtf96IAQONHitFTzUkhDl4VmGqy6su8cNC6k= root@dellg15\n\n",
            "startup": "",
            "storage": "",
            "storage_type": "",
            "tablet": true,
            "tags": "",
            "target_node": "dell5437",
            "timeouts": null,
            "unused_disk": [],
            "usb": [],
            "vcpus": 2,
            "vga": [],
            "vlan": -1,
            "vmid": 101
          },
          "sensitive_attributes": [],
          "private": "eyJlMmJmYjczMC1lY2FhLTExZTYtOGY4OC0zNDM2M2JjN2M0YzAiOnsiY3JlYXRlIjozMDAwMDAwMDAwMDAsImRlZmF1bHQiOjMwMDAwMDAwMDAwMCwiZGVsZXRlIjoxODAwMDAwMDAwMDAsInJlYWQiOjE4MDAwMDAwMDAwMCwidXBkYXRlIjoxODAwMDAwMDAwMDB9fQ=="
        },
        {
          "index_key": "m2",
          "status": "tainted",
          "schema_version": 0,
          "attributes": {
            "additional_wait": 0,
            "agent": 0,
            "args": "",
            "automatic_reboot": true,
            "balloon": 0,
            "bios": "seabios",
            "boot": "c",
            "bootdisk": "scsi0",
            "bridge": "",
            "ci_wait": null,
            "cicustom": "",
            "cipassword": "ks8vm2",
            "ciuser": "notroot",
            "clone": "Debian11CloudInitAgente",
            "clone_wait": 0,
            "cloudinit_cdrom_storage": null,
            "cores": 2,
            "cpu": "host",
            "default_ipv4_address": null,
            "define_connection_info": true,
            "desc": "Máquina virtual - ks8-vm2 - para Rancher.",
            "disk": [
              {
                "aio": "",
                "backup": 0,
                "cache": "none",
                "discard": "",
                "file": "vm-102-disk-0",
                "format": "raw",
                "iops": 0,
                "iops_max": 0,
                "iops_max_length": 0,
                "iops_rd": 0,
                "iops_rd_max": 0,
                "iops_rd_max_length": 0,
                "iops_wr": 0,
                "iops_wr_max": 0,
                "iops_wr_max_length": 0,
                "iothread": 0,
                "mbps": 0,
                "mbps_rd": 0,
                "mbps_rd_max": 0,
                "mbps_wr": 0,
                "mbps_wr_max": 0,
                "media": "",
                "replicate": 0,
                "size": "2G",
                "slot": 0,
                "ssd": 0,
                "storage": "local-zfs",
                "storage_type": "zfspool",
                "type": "scsi",
                "volume": "local-zfs:vm-102-disk-0"
              }
            ],
            "disk_gb": 0,
            "force_create": false,
            "force_recreate_on_change_of": null,
            "full_clone": true,
            "guest_agent_ready_timeout": 100,
            "hagroup": "",
            "hastate": "",
            "hotplug": "network,disk,usb",
            "id": "dell5437/qemu/102",
            "ipconfig0": "ip=192.168.2.12/24,gw=192.168.2.254",
            "ipconfig1": "",
            "ipconfig2": "",
            "ipconfig3": "",
            "ipconfig4": "",
            "ipconfig5": "",
            "iso": null,
            "kvm": true,
            "mac": "",
            "memory": 3500,
            "name": "ks8-vm2",
            "nameserver": "192.168.2.200 192.168.2.201 8.8.8.8",
            "network": [
              {
                "bridge": "vmbr0",
                "firewall": false,
                "link_down": false,
                "macaddr": "82:57:68:61:12:DD",
                "model": "virtio",
                "mtu": 0,
                "queues": 0,
                "rate": 0,
                "tag": -1
              }
            ],
            "nic": "",
            "numa": false,
            "onboot": false,
            "oncreate": true,
            "os_network_config": null,
            "os_type": "cloud-init",
            "pool": "",
            "preprovision": true,
            "pxe": null,
            "qemu_os": "other",
            "reboot_required": false,
            "scsihw": "virtio-scsi-single",
            "searchdomain": "",
            "serial": [],
            "sockets": 1,
            "ssh_forward_ip": null,
            "ssh_host": null,
            "ssh_port": null,
            "ssh_private_key": null,
            "ssh_user": "notroot",
            "sshkeys": "ssh-rsa AAAAB3NzaC1yc2EAAAADAQABAAABgQC/6N0e302Bq6uiDbxptEBvVJxyStA+mzxojv7F1ucktx0Qi5jlvCFXkpAG3G/K5xorUpSMuS9yaA7HUwpwzzHM6TZx6QX9G/uYZam7XRNlZDVjqpfGL+n2jgvo8lTu21/mz9alHlulI3vTAFobRv65XfdqqiL9Tw67mwK3HzWI78bRUvUU1xUN/YvL14MrtinTkPtAfaNTHkzAgCa1LqOBzuRr+vrf6bfNk1+meaEHoWS/Q04iJG0rSDjMWhtQ2CogO0v3IgN9PCqmtTLzbQkiqSzfYb7urLVS0M3sMCTPdX3N3gEYC96rSqvJLMQb/kz+ZxxZmjTiXDyf8vIeYnWxS5/d2300Q1ayX4LPUfapH0r8cfokRVK1TVXiX5MKvNWMW0RiD4p5IfLBcFAgSGEHJmj2zzNbv96nsyzmpzETwIrSXbYTj5i5Xith6lofcC9HkaVABjri3KNQ8+m8BhxDqxFPmXlWtf96IAQONHitFTzUkhDl4VmGqy6su8cNC6k= root@dellg15\n\n",
            "startup": "",
            "storage": "",
            "storage_type": "",
            "tablet": true,
            "tags": "",
            "target_node": "dell5437",
            "timeouts": null,
            "unused_disk": [],
            "usb": [],
            "vcpus": 2,
            "vga": [],
            "vlan": -1,
            "vmid": 102
          },
          "sensitive_attributes": [],
          "private": "eyJlMmJmYjczMC1lY2FhLTExZTYtOGY4OC0zNDM2M2JjN2M0YzAiOnsiY3JlYXRlIjozMDAwMDAwMDAwMDAsImRlZmF1bHQiOjMwMDAwMDAwMDAwMCwiZGVsZXRlIjoxODAwMDAwMDAwMDAsInJlYWQiOjE4MDAwMDAwMDAwMCwidXBkYXRlIjoxODAwMDAwMDAwMDB9fQ=="
        },
        {
          "index_key": "m3",
          "status": "tainted",
          "schema_version": 0,
          "attributes": {
            "additional_wait": 0,
            "agent": 0,
            "args": "",
            "automatic_reboot": true,
            "balloon": 0,
            "bios": "seabios",
            "boot": "c",
            "bootdisk": "scsi0",
            "bridge": "",
            "ci_wait": null,
            "cicustom": "",
            "cipassword": "ks8vm3",
            "ciuser": "notroot",
            "clone": "Debian11CloudInitAgente",
            "clone_wait": 0,
            "cloudinit_cdrom_storage": null,
            "cores": 2,
            "cpu": "host",
            "default_ipv4_address": null,
            "define_connection_info": true,
            "desc": "Máquina virtual - ks8-vm3 - para Rancher.",
            "disk": [
              {
                "aio": "",
                "backup": 0,
                "cache": "none",
                "discard": "",
                "file": "vm-103-disk-0",
                "format": "raw",
                "iops": 0,
                "iops_max": 0,
                "iops_max_length": 0,
                "iops_rd": 0,
                "iops_rd_max": 0,
                "iops_rd_max_length": 0,
                "iops_wr": 0,
                "iops_wr_max": 0,
                "iops_wr_max_length": 0,
                "iothread": 0,
                "mbps": 0,
                "mbps_rd": 0,
                "mbps_rd_max": 0,
                "mbps_wr": 0,
                "mbps_wr_max": 0,
                "media": "",
                "replicate": 0,
                "size": "2G",
                "slot": 0,
                "ssd": 0,
                "storage": "local-zfs",
                "storage_type": "zfspool",
                "type": "scsi",
                "volume": "local-zfs:vm-103-disk-0"
              }
            ],
            "disk_gb": 0,
            "force_create": false,
            "force_recreate_on_change_of": null,
            "full_clone": true,
            "guest_agent_ready_timeout": 100,
            "hagroup": "",
            "hastate": "",
            "hotplug": "network,disk,usb",
            "id": "dell5437/qemu/103",
            "ipconfig0": "ip=192.168.2.13/24,gw=192.168.2.254",
            "ipconfig1": "",
            "ipconfig2": "",
            "ipconfig3": "",
            "ipconfig4": "",
            "ipconfig5": "",
            "iso": null,
            "kvm": true,
            "mac": "",
            "memory": 3500,
            "name": "ks8-vm3",
            "nameserver": "192.168.2.200 192.168.2.201 8.8.8.8",
            "network": [
              {
                "bridge": "vmbr0",
                "firewall": false,
                "link_down": false,
                "macaddr": "4E:C0:9E:89:A1:DD",
                "model": "virtio",
                "mtu": 0,
                "queues": 0,
                "rate": 0,
                "tag": -1
              }
            ],
            "nic": "",
            "numa": false,
            "onboot": false,
            "oncreate": true,
            "os_network_config": null,
            "os_type": "cloud-init",
            "pool": "",
            "preprovision": true,
            "pxe": null,
            "qemu_os": "other",
            "reboot_required": false,
            "scsihw": "virtio-scsi-single",
            "searchdomain": "",
            "serial": [],
            "sockets": 1,
            "ssh_forward_ip": null,
            "ssh_host": null,
            "ssh_port": null,
            "ssh_private_key": null,
            "ssh_user": "notroot",
            "sshkeys": "ssh-rsa AAAAB3NzaC1yc2EAAAADAQABAAABgQC/6N0e302Bq6uiDbxptEBvVJxyStA+mzxojv7F1ucktx0Qi5jlvCFXkpAG3G/K5xorUpSMuS9yaA7HUwpwzzHM6TZx6QX9G/uYZam7XRNlZDVjqpfGL+n2jgvo8lTu21/mz9alHlulI3vTAFobRv65XfdqqiL9Tw67mwK3HzWI78bRUvUU1xUN/YvL14MrtinTkPtAfaNTHkzAgCa1LqOBzuRr+vrf6bfNk1+meaEHoWS/Q04iJG0rSDjMWhtQ2CogO0v3IgN9PCqmtTLzbQkiqSzfYb7urLVS0M3sMCTPdX3N3gEYC96rSqvJLMQb/kz+ZxxZmjTiXDyf8vIeYnWxS5/d2300Q1ayX4LPUfapH0r8cfokRVK1TVXiX5MKvNWMW0RiD4p5IfLBcFAgSGEHJmj2zzNbv96nsyzmpzETwIrSXbYTj5i5Xith6lofcC9HkaVABjri3KNQ8+m8BhxDqxFPmXlWtf96IAQONHitFTzUkhDl4VmGqy6su8cNC6k= root@dellg15\n\n",
            "startup": "",
            "storage": "",
            "storage_type": "",
            "tablet": true,
            "tags": "",
            "target_node": "dell5437",
            "timeouts": null,
            "unused_disk": [],
            "usb": [],
            "vcpus": 2,
            "vga": [],
            "vlan": -1,
            "vmid": 103
          },
          "sensitive_attributes": [],
          "private": "eyJlMmJmYjczMC1lY2FhLTExZTYtOGY4OC0zNDM2M2JjN2M0YzAiOnsiY3JlYXRlIjozMDAwMDAwMDAwMDAsImRlZmF1bHQiOjMwMDAwMDAwMDAwMCwiZGVsZXRlIjoxODAwMDAwMDAwMDAsInJlYWQiOjE4MDAwMDAwMDAwMCwidXBkYXRlIjoxODAwMDAwMDAwMDB9fQ=="
        },
        {
          "index_key": "m4",
          "schema_version": 0,
          "attributes": {
            "additional_wait": 0,
            "agent": 0,
            "args": "",
            "automatic_reboot": true,
            "balloon": 0,
            "bios": "seabios",
            "boot": "c",
            "bootdisk": "scsi0",
            "bridge": "",
            "ci_wait": null,
            "cicustom": "",
            "cipassword": "ks8rancher",
            "ciuser": "notroot",
            "clone": "Debian11CloudInitRancher",
            "clone_wait": 0,
            "cloudinit_cdrom_storage": null,
            "cores": 2,
            "cpu": "host",
            "default_ipv4_address": null,
            "define_connection_info": true,
            "desc": "Máquina virtual - ks8-rancher.",
            "disk": [
              {
                "aio": "",
                "backup": 0,
                "cache": "none",
                "discard": "",
                "file": "vm-100-disk-0",
                "format": "raw",
                "iops": 0,
                "iops_max": 0,
                "iops_max_length": 0,
                "iops_rd": 0,
                "iops_rd_max": 0,
                "iops_rd_max_length": 0,
                "iops_wr": 0,
                "iops_wr_max": 0,
                "iops_wr_max_length": 0,
                "iothread": 0,
                "mbps": 0,
                "mbps_rd": 0,
                "mbps_rd_max": 0,
                "mbps_wr": 0,
                "mbps_wr_max": 0,
                "media": "",
                "replicate": 0,
                "size": "35G",
                "slot": 0,
                "ssd": 0,
                "storage": "local-zfs",
                "storage_type": "zfspool",
                "type": "virtio",
                "volume": "local-zfs:vm-100-disk-0"
              }
            ],
            "disk_gb": 0,
            "force_create": false,
            "force_recreate_on_change_of": null,
            "full_clone": true,
            "guest_agent_ready_timeout": 100,
            "hagroup": "",
            "hastate": "",
            "hotplug": "network,disk,usb",
            "id": "dell5437/qemu/100",
            "ipconfig0": "ip=192.168.2.10/24,gw=192.168.2.254",
            "ipconfig1": "",
            "ipconfig2": "",
            "ipconfig3": "",
            "ipconfig4": "",
            "ipconfig5": "",
            "iso": null,
            "kvm": true,
            "mac": "",
            "memory": 4500,
            "name": "ks8-rancher",
            "nameserver": "192.168.2.200 192.168.2.201 8.8.8.8",
            "network": [
              {
                "bridge": "vmbr0",
                "firewall": false,
                "link_down": false,
                "macaddr": "FA:58:B8:CE:04:B8",
                "model": "virtio",
                "mtu": 0,
                "queues": 0,
                "rate": 0,
                "tag": -1
              }
            ],
            "nic": "",
            "numa": false,
            "onboot": false,
            "oncreate": true,
            "os_network_config": null,
            "os_type": "cloud-init",
            "pool": "",
            "preprovision": true,
            "pxe": null,
            "qemu_os": "other",
            "reboot_required": false,
            "scsihw": "virtio-scsi-single",
            "searchdomain": "",
            "serial": [],
            "sockets": 2,
            "ssh_forward_ip": null,
            "ssh_host": null,
            "ssh_port": null,
            "ssh_private_key": null,
            "ssh_user": "notroot",
            "sshkeys": "ssh-rsa AAAAB3NzaC1yc2EAAAADAQABAAABgQC/6N0e302Bq6uiDbxptEBvVJxyStA+mzxojv7F1ucktx0Qi5jlvCFXkpAG3G/K5xorUpSMuS9yaA7HUwpwzzHM6TZx6QX9G/uYZam7XRNlZDVjqpfGL+n2jgvo8lTu21/mz9alHlulI3vTAFobRv65XfdqqiL9Tw67mwK3HzWI78bRUvUU1xUN/YvL14MrtinTkPtAfaNTHkzAgCa1LqOBzuRr+vrf6bfNk1+meaEHoWS/Q04iJG0rSDjMWhtQ2CogO0v3IgN9PCqmtTLzbQkiqSzfYb7urLVS0M3sMCTPdX3N3gEYC96rSqvJLMQb/kz+ZxxZmjTiXDyf8vIeYnWxS5/d2300Q1ayX4LPUfapH0r8cfokRVK1TVXiX5MKvNWMW0RiD4p5IfLBcFAgSGEHJmj2zzNbv96nsyzmpzETwIrSXbYTj5i5Xith6lofcC9HkaVABjri3KNQ8+m8BhxDqxFPmXlWtf96IAQONHitFTzUkhDl4VmGqy6su8cNC6k= root@dellg15\n\n",
            "startup": "",
            "storage": "",
            "storage_type": "",
            "tablet": true,
            "tags": "",
            "target_node": "dell5437",
            "timeouts": null,
            "unused_disk": [],
            "usb": [],
            "vcpus": 4,
            "vga": [],
            "vlan": -1,
            "vmid": 100
          },
          "sensitive_attributes": [],
          "private": "eyJlMmJmYjczMC1lY2FhLTExZTYtOGY4OC0zNDM2M2JjN2M0YzAiOnsiY3JlYXRlIjozMDAwMDAwMDAwMDAsImRlZmF1bHQiOjMwMDAwMDAwMDAwMCwiZGVsZXRlIjoxODAwMDAwMDAwMDAsInJlYWQiOjE4MDAwMDAwMDAwMCwidXBkYXRlIjoxODAwMDAwMDAwMDB9fQ=="
        },
        {
          "index_key": "m5",
          "status": "tainted",
          "schema_version": 0,
          "attributes": {
            "additional_wait": 0,
            "agent": 0,
            "args": "",
            "automatic_reboot": true,
            "balloon": 0,
            "bios": "seabios",
            "boot": "c",
            "bootdisk": "scsi0",
            "bridge": "",
            "ci_wait": null,
            "cicustom": "",
            "cipassword": "dnsmaster",
            "ciuser": "notroot",
            "clone": "Debian11CloudInitComum",
            "clone_wait": 0,
            "cloudinit_cdrom_storage": null,
            "cores": 1,
            "cpu": "host",
            "default_ipv4_address": null,
            "define_connection_info": true,
            "desc": "Máquina virtual - DNS Master.",
            "disk": [
              {
                "aio": "",
                "backup": 0,
                "cache": "none",
                "discard": "",
                "file": "vm-201-disk-0",
                "format": "raw",
                "iops": 0,
                "iops_max": 0,
                "iops_max_length": 0,
                "iops_rd": 0,
                "iops_rd_max": 0,
                "iops_rd_max_length": 0,
                "iops_wr": 0,
                "iops_wr_max": 0,
                "iops_wr_max_length": 0,
                "iothread": 0,
                "mbps": 0,
                "mbps_rd": 0,
                "mbps_rd_max": 0,
                "mbps_wr": 0,
                "mbps_wr_max": 0,
                "media": "",
                "replicate": 0,
                "size": "2G",
                "slot": 0,
                "ssd": 0,
                "storage": "dados",
                "storage_type": "lvm",
                "type": "scsi",
                "volume": "dados:vm-201-disk-0"
              }
            ],
            "disk_gb": 0,
            "force_create": false,
            "force_recreate_on_change_of": null,
            "full_clone": true,
            "guest_agent_ready_timeout": 100,
            "hagroup": "",
            "hastate": "",
            "hotplug": "network,disk,usb",
            "id": "dellt110/qemu/201",
            "ipconfig0": "ip=192.168.2.200/24,gw=192.168.2.254",
            "ipconfig1": "",
            "ipconfig2": "",
            "ipconfig3": "",
            "ipconfig4": "",
            "ipconfig5": "",
            "iso": null,
            "kvm": true,
            "mac": "",
            "memory": 512,
            "name": "DNS-NS1",
            "nameserver": "192.168.2.200 192.168.2.201 8.8.8.8",
            "network": [
              {
                "bridge": "vmbr0",
                "firewall": false,
                "link_down": false,
                "macaddr": "6E:60:3D:9C:6E:60",
                "model": "virtio",
                "mtu": 0,
                "queues": 0,
                "rate": 0,
                "tag": -1
              }
            ],
            "nic": "",
            "numa": false,
            "onboot": false,
            "oncreate": true,
            "os_network_config": null,
            "os_type": "cloud-init",
            "pool": "",
            "preprovision": true,
            "pxe": null,
            "qemu_os": "other",
            "reboot_required": false,
            "scsihw": "virtio-scsi-single",
            "searchdomain": "",
            "serial": [],
            "sockets": 1,
            "ssh_forward_ip": null,
            "ssh_host": null,
            "ssh_port": null,
            "ssh_private_key": null,
            "ssh_user": "notroot",
            "sshkeys": "ssh-rsa AAAAB3NzaC1yc2EAAAADAQABAAABgQC/6N0e302Bq6uiDbxptEBvVJxyStA+mzxojv7F1ucktx0Qi5jlvCFXkpAG3G/K5xorUpSMuS9yaA7HUwpwzzHM6TZx6QX9G/uYZam7XRNlZDVjqpfGL+n2jgvo8lTu21/mz9alHlulI3vTAFobRv65XfdqqiL9Tw67mwK3HzWI78bRUvUU1xUN/YvL14MrtinTkPtAfaNTHkzAgCa1LqOBzuRr+vrf6bfNk1+meaEHoWS/Q04iJG0rSDjMWhtQ2CogO0v3IgN9PCqmtTLzbQkiqSzfYb7urLVS0M3sMCTPdX3N3gEYC96rSqvJLMQb/kz+ZxxZmjTiXDyf8vIeYnWxS5/d2300Q1ayX4LPUfapH0r8cfokRVK1TVXiX5MKvNWMW0RiD4p5IfLBcFAgSGEHJmj2zzNbv96nsyzmpzETwIrSXbYTj5i5Xith6lofcC9HkaVABjri3KNQ8+m8BhxDqxFPmXlWtf96IAQONHitFTzUkhDl4VmGqy6su8cNC6k= root@dellg15\n\n",
            "startup": "",
            "storage": "",
            "storage_type": "",
            "tablet": true,
            "tags": "",
            "target_node": "dellt110",
            "timeouts": null,
            "unused_disk": [],
            "usb": [],
            "vcpus": 1,
            "vga": [],
            "vlan": -1,
            "vmid": 201
          },
          "sensitive_attributes": [],
          "private": "eyJlMmJmYjczMC1lY2FhLTExZTYtOGY4OC0zNDM2M2JjN2M0YzAiOnsiY3JlYXRlIjozMDAwMDAwMDAwMDAsImRlZmF1bHQiOjMwMDAwMDAwMDAwMCwiZGVsZXRlIjoxODAwMDAwMDAwMDAsInJlYWQiOjE4MDAwMDAwMDAwMCwidXBkYXRlIjoxODAwMDAwMDAwMDB9fQ=="
        },
        {
          "index_key": "m6",
          "status": "tainted",
          "schema_version": 0,
          "attributes": {
            "additional_wait": 0,
            "agent": 0,
            "args": "",
            "automatic_reboot": true,
            "balloon": 0,
            "bios": "seabios",
            "boot": "c",
            "bootdisk": "scsi0",
            "bridge": "",
            "ci_wait": null,
            "cicustom": "",
            "cipassword": "dnsslave",
            "ciuser": "notroot",
            "clone": "Debian11CloudInitComum",
            "clone_wait": 0,
            "cloudinit_cdrom_storage": null,
            "cores": 1,
            "cpu": "host",
            "default_ipv4_address": null,
            "define_connection_info": true,
            "desc": "Máquina virtual - DNS Slave.",
            "disk": [
              {
                "aio": "",
                "backup": 0,
                "cache": "none",
                "discard": "",
                "file": "vm-202-disk-0",
                "format": "raw",
                "iops": 0,
                "iops_max": 0,
                "iops_max_length": 0,
                "iops_rd": 0,
                "iops_rd_max": 0,
                "iops_rd_max_length": 0,
                "iops_wr": 0,
                "iops_wr_max": 0,
                "iops_wr_max_length": 0,
                "iothread": 0,
                "mbps": 0,
                "mbps_rd": 0,
                "mbps_rd_max": 0,
                "mbps_wr": 0,
                "mbps_wr_max": 0,
                "media": "",
                "replicate": 0,
                "size": "10G",
                "slot": 0,
                "ssd": 0,
                "storage": "dados",
                "storage_type": "lvm",
                "type": "virtio",
                "volume": "dados:vm-202-disk-0"
              }
            ],
            "disk_gb": 0,
            "force_create": false,
            "force_recreate_on_change_of": null,
            "full_clone": true,
            "guest_agent_ready_timeout": 100,
            "hagroup": "",
            "hastate": "",
            "hotplug": "network,disk,usb",
            "id": "dellt110/qemu/202",
            "ipconfig0": "ip=192.168.2.201/24,gw=192.168.2.254",
            "ipconfig1": "",
            "ipconfig2": "",
            "ipconfig3": "",
            "ipconfig4": "",
            "ipconfig5": "",
            "iso": null,
            "kvm": true,
            "mac": "",
            "memory": 512,
            "name": "DNS-NS2",
            "nameserver": "192.168.2.200 192.168.2.201 8.8.8.8",
            "network": [
              {
                "bridge": "vmbr0",
                "firewall": false,
                "link_down": false,
                "macaddr": "02:C0:10:09:A7:D0",
                "model": "virtio",
                "mtu": 0,
                "queues": 0,
                "rate": 0,
                "tag": -1
              }
            ],
            "nic": "",
            "numa": false,
            "onboot": false,
            "oncreate": true,
            "os_network_config": null,
            "os_type": "cloud-init",
            "pool": "",
            "preprovision": true,
            "pxe": null,
            "qemu_os": "other",
            "reboot_required": false,
            "scsihw": "virtio-scsi-single",
            "searchdomain": "",
            "serial": [],
            "sockets": 1,
            "ssh_forward_ip": null,
            "ssh_host": null,
            "ssh_port": null,
            "ssh_private_key": null,
            "ssh_user": "notroot",
            "sshkeys": "ssh-rsa AAAAB3NzaC1yc2EAAAADAQABAAABgQC/6N0e302Bq6uiDbxptEBvVJxyStA+mzxojv7F1ucktx0Qi5jlvCFXkpAG3G/K5xorUpSMuS9yaA7HUwpwzzHM6TZx6QX9G/uYZam7XRNlZDVjqpfGL+n2jgvo8lTu21/mz9alHlulI3vTAFobRv65XfdqqiL9Tw67mwK3HzWI78bRUvUU1xUN/YvL14MrtinTkPtAfaNTHkzAgCa1LqOBzuRr+vrf6bfNk1+meaEHoWS/Q04iJG0rSDjMWhtQ2CogO0v3IgN9PCqmtTLzbQkiqSzfYb7urLVS0M3sMCTPdX3N3gEYC96rSqvJLMQb/kz+ZxxZmjTiXDyf8vIeYnWxS5/d2300Q1ayX4LPUfapH0r8cfokRVK1TVXiX5MKvNWMW0RiD4p5IfLBcFAgSGEHJmj2zzNbv96nsyzmpzETwIrSXbYTj5i5Xith6lofcC9HkaVABjri3KNQ8+m8BhxDqxFPmXlWtf96IAQONHitFTzUkhDl4VmGqy6su8cNC6k= root@dellg15\n\n",
            "startup": "",
            "storage": "",
            "storage_type": "",
            "tablet": true,
            "tags": "",
            "target_node": "dellt110",
            "timeouts": null,
            "unused_disk": [],
            "usb": [],
            "vcpus": 1,
            "vga": [],
            "vlan": -1,
            "vmid": 202
          },
          "sensitive_attributes": [],
          "private": "eyJlMmJmYjczMC1lY2FhLTExZTYtOGY4OC0zNDM2M2JjN2M0YzAiOnsiY3JlYXRlIjozMDAwMDAwMDAwMDAsImRlZmF1bHQiOjMwMDAwMDAwMDAwMCwiZGVsZXRlIjoxODAwMDAwMDAwMDAsInJlYWQiOjE4MDAwMDAwMDAwMCwidXBkYXRlIjoxODAwMDAwMDAwMDB9fQ=="
        },
        {
          "index_key": "m7",
          "status": "tainted",
          "schema_version": 0,
          "attributes": {
            "additional_wait": 0,
            "agent": 0,
            "args": "",
            "automatic_reboot": true,
            "balloon": 0,
            "bios": "seabios",
            "boot": "c",
            "bootdisk": "scsi0",
            "bridge": "",
            "ci_wait": null,
            "cicustom": "",
            "cipassword": "nfstorrent",
            "ciuser": "notroot",
            "clone": "Debian11CloudInitComum",
            "clone_wait": 0,
            "cloudinit_cdrom_storage": null,
            "cores": 1,
            "cpu": "host",
            "default_ipv4_address": null,
            "define_connection_info": true,
            "desc": "Máquina virtual - NFS TORRENT.",
            "disk": [
              {
                "aio": "",
                "backup": 0,
                "cache": "none",
                "discard": "",
                "file": "vm-200-disk-0",
                "format": "raw",
                "iops": 0,
                "iops_max": 0,
                "iops_max_length": 0,
                "iops_rd": 0,
                "iops_rd_max": 0,
                "iops_rd_max_length": 0,
                "iops_wr": 0,
                "iops_wr_max": 0,
                "iops_wr_max_length": 0,
                "iothread": 0,
                "mbps": 0,
                "mbps_rd": 0,
                "mbps_rd_max": 0,
                "mbps_wr": 0,
                "mbps_wr_max": 0,
                "media": "",
                "replicate": 0,
                "size": "2G",
                "slot": 0,
                "ssd": 0,
                "storage": "dados",
                "storage_type": "lvm",
                "type": "virtio",
                "volume": "dados:vm-200-disk-0"
              }
            ],
            "disk_gb": 0,
            "force_create": false,
            "force_recreate_on_change_of": null,
            "full_clone": true,
            "guest_agent_ready_timeout": 100,
            "hagroup": "",
            "hastate": "",
            "hotplug": "network,disk,usb",
            "id": "dellt110/qemu/200",
            "ipconfig0": "ip=192.168.2.203/24,gw=192.168.2.254",
            "ipconfig1": "",
            "ipconfig2": "",
            "ipconfig3": "",
            "ipconfig4": "",
            "ipconfig5": "",
            "iso": null,
            "kvm": true,
            "mac": "",
            "memory": 2042,
            "name": "NFS-SERVER-TORRENT",
            "nameserver": "192.168.2.200 192.168.2.201 8.8.8.8",
            "network": [
              {
                "bridge": "vmbr0",
                "firewall": false,
                "link_down": false,
                "macaddr": "1E:45:79:99:5C:7B",
                "model": "virtio",
                "mtu": 0,
                "queues": 0,
                "rate": 0,
                "tag": -1
              }
            ],
            "nic": "",
            "numa": false,
            "onboot": false,
            "oncreate": true,
            "os_network_config": null,
            "os_type": "cloud-init",
            "pool": "",
            "preprovision": true,
            "pxe": null,
            "qemu_os": "other",
            "reboot_required": false,
            "scsihw": "virtio-scsi-single",
            "searchdomain": "",
            "serial": [],
            "sockets": 2,
            "ssh_forward_ip": null,
            "ssh_host": null,
            "ssh_port": null,
            "ssh_private_key": null,
            "ssh_user": "notroot",
            "sshkeys": "ssh-rsa AAAAB3NzaC1yc2EAAAADAQABAAABgQC/6N0e302Bq6uiDbxptEBvVJxyStA+mzxojv7F1ucktx0Qi5jlvCFXkpAG3G/K5xorUpSMuS9yaA7HUwpwzzHM6TZx6QX9G/uYZam7XRNlZDVjqpfGL+n2jgvo8lTu21/mz9alHlulI3vTAFobRv65XfdqqiL9Tw67mwK3HzWI78bRUvUU1xUN/YvL14MrtinTkPtAfaNTHkzAgCa1LqOBzuRr+vrf6bfNk1+meaEHoWS/Q04iJG0rSDjMWhtQ2CogO0v3IgN9PCqmtTLzbQkiqSzfYb7urLVS0M3sMCTPdX3N3gEYC96rSqvJLMQb/kz+ZxxZmjTiXDyf8vIeYnWxS5/d2300Q1ayX4LPUfapH0r8cfokRVK1TVXiX5MKvNWMW0RiD4p5IfLBcFAgSGEHJmj2zzNbv96nsyzmpzETwIrSXbYTj5i5Xith6lofcC9HkaVABjri3KNQ8+m8BhxDqxFPmXlWtf96IAQONHitFTzUkhDl4VmGqy6su8cNC6k= root@dellg15\n\n",
            "startup": "",
            "storage": "",
            "storage_type": "",
            "tablet": true,
            "tags": "",
            "target_node": "dellt110",
            "timeouts": null,
            "unused_disk": [],
            "usb": [],
            "vcpus": 1,
            "vga": [],
            "vlan": -1,
            "vmid": 200
          },
          "sensitive_attributes": [],
          "private": "eyJlMmJmYjczMC1lY2FhLTExZTYtOGY4OC0zNDM2M2JjN2M0YzAiOnsiY3JlYXRlIjozMDAwMDAwMDAwMDAsImRlZmF1bHQiOjMwMDAwMDAwMDAwMCwiZGVsZXRlIjoxODAwMDAwMDAwMDAsInJlYWQiOjE4MDAwMDAwMDAwMCwidXBkYXRlIjoxODAwMDAwMDAwMDB9fQ=="
        }
      ]
    }
  ],
  "check_results": null
}
